{
  "version": 4,
  "terraform_version": "0.12.3",
  "serial": 1735,
  "lineage": "eedf9aab-da6b-ee21-09a3-5189ac8ffa20",
  "outputs": {},
  "resources": [
    {
      "module": "module.infra_node",
      "mode": "managed",
      "type": "google_compute_address",
      "name": "apps-public-ip",
      "provider": "provider.google",
      "instances": [
        {
          "schema_version": 0,
          "attributes": {
            "address": "35.247.208.61",
            "address_type": "EXTERNAL",
            "creation_timestamp": "2019-07-04T15:14:09.670-07:00",
            "description": "",
            "id": "terraform-openshift/southamerica-east1/osecluster-apps",
            "name": "osecluster-apps",
            "network_tier": "PREMIUM",
            "project": "terraform-openshift",
            "region": "southamerica-east1",
            "self_link": "https://www.googleapis.com/compute/v1/projects/terraform-openshift/regions/southamerica-east1/addresses/osecluster-apps",
            "subnetwork": "",
            "timeouts": null,
            "users": []
          },
          "private": "eyJlMmJmYjczMC1lY2FhLTExZTYtOGY4OC0zNDM2M2JjN2M0YzAiOnsiY3JlYXRlIjoyNDAwMDAwMDAwMDAsImRlbGV0ZSI6MjQwMDAwMDAwMDAwfX0="
        }
      ]
    },
    {
      "module": "module.bastion_node",
      "mode": "managed",
      "type": "google_compute_address",
      "name": "bastion-public-ip",
      "provider": "provider.google",
      "instances": [
        {
          "schema_version": 0,
          "attributes": {
            "address": "35.199.105.18",
            "address_type": "EXTERNAL",
            "creation_timestamp": "2019-07-04T14:51:27.106-07:00",
            "description": "",
            "id": "terraform-openshift/southamerica-east1/osecluster-bastion",
            "name": "osecluster-bastion",
            "network_tier": "PREMIUM",
            "project": "terraform-openshift",
            "region": "southamerica-east1",
            "self_link": "https://www.googleapis.com/compute/v1/projects/terraform-openshift/regions/southamerica-east1/addresses/osecluster-bastion",
            "subnetwork": "",
            "timeouts": null,
            "users": []
          },
          "private": "eyJlMmJmYjczMC1lY2FhLTExZTYtOGY4OC0zNDM2M2JjN2M0YzAiOnsiY3JlYXRlIjoyNDAwMDAwMDAwMDAsImRlbGV0ZSI6MjQwMDAwMDAwMDAwfX0="
        }
      ]
    },
    {
      "module": "module.master_node",
      "mode": "managed",
      "type": "google_compute_address",
      "name": "master-public-ip",
      "provider": "provider.google",
      "instances": [
        {
          "schema_version": 0,
          "attributes": {
            "address": "35.247.215.84",
            "address_type": "EXTERNAL",
            "creation_timestamp": "2019-07-04T15:08:05.332-07:00",
            "description": "",
            "id": "terraform-openshift/southamerica-east1/osecluster-master",
            "name": "osecluster-master",
            "network_tier": "PREMIUM",
            "project": "terraform-openshift",
            "region": "southamerica-east1",
            "self_link": "https://www.googleapis.com/compute/v1/projects/terraform-openshift/regions/southamerica-east1/addresses/osecluster-master",
            "subnetwork": "",
            "timeouts": null,
            "users": []
          },
          "private": "eyJlMmJmYjczMC1lY2FhLTExZTYtOGY4OC0zNDM2M2JjN2M0YzAiOnsiY3JlYXRlIjoyNDAwMDAwMDAwMDAsImRlbGV0ZSI6MjQwMDAwMDAwMDAwfX0="
        }
      ]
    },
    {
      "module": "module.infra_node",
      "mode": "managed",
      "type": "google_compute_disk",
      "name": "infra-docker-disk",
      "provider": "provider.google",
      "instances": [
        {
          "schema_version": 0,
          "attributes": {
            "creation_timestamp": "2019-07-04T15:14:10.104-07:00",
            "description": "",
            "disk_encryption_key": [],
            "disk_encryption_key_raw": null,
            "disk_encryption_key_sha256": null,
            "id": "osecluster-infra-0-docker",
            "image": "",
            "label_fingerprint": "42WmSpB8rSM=",
            "labels": null,
            "last_attach_timestamp": "",
            "last_detach_timestamp": "",
            "name": "osecluster-infra-0-docker",
            "physical_block_size_bytes": 4096,
            "project": "terraform-openshift",
            "self_link": "https://www.googleapis.com/compute/v1/projects/terraform-openshift/zones/southamerica-east1-b/disks/osecluster-infra-0-docker",
            "size": 30,
            "snapshot": "",
            "source_image_encryption_key": [],
            "source_image_id": "",
            "source_snapshot_encryption_key": [],
            "source_snapshot_id": "",
            "timeouts": null,
            "type": "pd-standard",
            "users": [],
            "zone": "southamerica-east1-b"
          },
          "private": "eyJlMmJmYjczMC1lY2FhLTExZTYtOGY4OC0zNDM2M2JjN2M0YzAiOnsiY3JlYXRlIjozMDAwMDAwMDAwMDAsImRlbGV0ZSI6MjQwMDAwMDAwMDAwLCJ1cGRhdGUiOjI0MDAwMDAwMDAwMH19"
        }
      ]
    },
    {
      "module": "module.master_node",
      "mode": "managed",
      "type": "google_compute_disk",
      "name": "master-docker-disk",
      "provider": "provider.google",
      "instances": [
        {
          "schema_version": 0,
          "attributes": {
            "creation_timestamp": "2019-07-04T15:08:05.795-07:00",
            "description": "",
            "disk_encryption_key": [],
            "disk_encryption_key_raw": null,
            "disk_encryption_key_sha256": null,
            "id": "osecluster-master-0-docker",
            "image": "",
            "label_fingerprint": "42WmSpB8rSM=",
            "labels": null,
            "last_attach_timestamp": "",
            "last_detach_timestamp": "",
            "name": "osecluster-master-0-docker",
            "physical_block_size_bytes": 4096,
            "project": "terraform-openshift",
            "self_link": "https://www.googleapis.com/compute/v1/projects/terraform-openshift/zones/southamerica-east1-b/disks/osecluster-master-0-docker",
            "size": 30,
            "snapshot": "",
            "source_image_encryption_key": [],
            "source_image_id": "",
            "source_snapshot_encryption_key": [],
            "source_snapshot_id": "",
            "timeouts": null,
            "type": "pd-standard",
            "users": [],
            "zone": "southamerica-east1-b"
          },
          "private": "eyJlMmJmYjczMC1lY2FhLTExZTYtOGY4OC0zNDM2M2JjN2M0YzAiOnsiY3JlYXRlIjozMDAwMDAwMDAwMDAsImRlbGV0ZSI6MjQwMDAwMDAwMDAwLCJ1cGRhdGUiOjI0MDAwMDAwMDAwMH19"
        }
      ]
    },
    {
      "module": "module.network",
      "mode": "managed",
      "type": "google_compute_firewall",
      "name": "any-to-master",
      "provider": "provider.google",
      "instances": [
        {
          "schema_version": 1,
          "attributes": {
            "allow": [
              {
                "ports": [
                  "443",
                  "80"
                ],
                "protocol": "tcp"
              }
            ],
            "creation_timestamp": "2019-07-04T13:40:17.343-07:00",
            "deny": [],
            "description": "",
            "destination_ranges": [],
            "direction": "INGRESS",
            "disabled": false,
            "id": "osecluster-any-to-master",
            "name": "osecluster-any-to-master",
            "network": "https://www.googleapis.com/compute/v1/projects/terraform-openshift/global/networks/osecluster-net",
            "priority": 1000,
            "project": "terraform-openshift",
            "self_link": "https://www.googleapis.com/compute/v1/projects/terraform-openshift/global/firewalls/osecluster-any-to-master",
            "source_ranges": [
              "0.0.0.0/0",
              "10.240.0.0/24"
            ],
            "source_service_accounts": null,
            "source_tags": null,
            "target_service_accounts": null,
            "target_tags": [
              "osecluster-master"
            ],
            "timeouts": null
          },
          "private": "eyJlMmJmYjczMC1lY2FhLTExZTYtOGY4OC0zNDM2M2JjN2M0YzAiOnsiY3JlYXRlIjoyNDAwMDAwMDAwMDAsImRlbGV0ZSI6MjQwMDAwMDAwMDAwLCJ1cGRhdGUiOjI0MDAwMDAwMDAwMH0sInNjaGVtYV92ZXJzaW9uIjoiMSJ9",
          "depends_on": [
            "google_compute_network.osecluster-network",
            "google_compute_subnetwork.osecluster-subnetwork"
          ]
        }
      ]
    },
    {
      "module": "module.network",
      "mode": "managed",
      "type": "google_compute_firewall",
      "name": "any-to-routers",
      "provider": "provider.google",
      "instances": [
        {
          "schema_version": 1,
          "attributes": {
            "allow": [
              {
                "ports": [
                  "80",
                  "443"
                ],
                "protocol": "tcp"
              }
            ],
            "creation_timestamp": "2019-07-04T13:40:09.118-07:00",
            "deny": [],
            "description": "",
            "destination_ranges": [],
            "direction": "INGRESS",
            "disabled": false,
            "id": "osecluster-any-to-routers",
            "name": "osecluster-any-to-routers",
            "network": "https://www.googleapis.com/compute/v1/projects/terraform-openshift/global/networks/osecluster-net",
            "priority": 1000,
            "project": "terraform-openshift",
            "self_link": "https://www.googleapis.com/compute/v1/projects/terraform-openshift/global/firewalls/osecluster-any-to-routers",
            "source_ranges": [
              "0.0.0.0/0"
            ],
            "source_service_accounts": null,
            "source_tags": null,
            "target_service_accounts": null,
            "target_tags": [
              "osecluster-infra"
            ],
            "timeouts": null
          },
          "private": "eyJlMmJmYjczMC1lY2FhLTExZTYtOGY4OC0zNDM2M2JjN2M0YzAiOnsiY3JlYXRlIjoyNDAwMDAwMDAwMDAsImRlbGV0ZSI6MjQwMDAwMDAwMDAwLCJ1cGRhdGUiOjI0MDAwMDAwMDAwMH0sInNjaGVtYV92ZXJzaW9uIjoiMSJ9",
          "depends_on": [
            "google_compute_network.osecluster-network",
            "google_compute_subnetwork.osecluster-subnetwork"
          ]
        }
      ]
    },
    {
      "module": "module.network",
      "mode": "managed",
      "type": "google_compute_firewall",
      "name": "bastion-to-any",
      "provider": "provider.google",
      "instances": [
        {
          "schema_version": 1,
          "attributes": {
            "allow": [
              {
                "ports": [],
                "protocol": "all"
              }
            ],
            "creation_timestamp": "2019-07-04T13:40:09.258-07:00",
            "deny": [],
            "description": "",
            "destination_ranges": [],
            "direction": "INGRESS",
            "disabled": false,
            "id": "osecluster-bastion-to-any",
            "name": "osecluster-bastion-to-any",
            "network": "https://www.googleapis.com/compute/v1/projects/terraform-openshift/global/networks/osecluster-net",
            "priority": 1000,
            "project": "terraform-openshift",
            "self_link": "https://www.googleapis.com/compute/v1/projects/terraform-openshift/global/firewalls/osecluster-bastion-to-any",
            "source_ranges": [],
            "source_service_accounts": null,
            "source_tags": [
              "osecluster-bastion"
            ],
            "target_service_accounts": null,
            "target_tags": [
              "osecluster-node"
            ],
            "timeouts": null
          },
          "private": "eyJlMmJmYjczMC1lY2FhLTExZTYtOGY4OC0zNDM2M2JjN2M0YzAiOnsiY3JlYXRlIjoyNDAwMDAwMDAwMDAsImRlbGV0ZSI6MjQwMDAwMDAwMDAwLCJ1cGRhdGUiOjI0MDAwMDAwMDAwMH0sInNjaGVtYV92ZXJzaW9uIjoiMSJ9",
          "depends_on": [
            "google_compute_network.osecluster-network",
            "google_compute_subnetwork.osecluster-subnetwork"
          ]
        }
      ]
    },
    {
      "module": "module.network",
      "mode": "managed",
      "type": "google_compute_firewall",
      "name": "external-to-bastion",
      "provider": "provider.google",
      "instances": [
        {
          "schema_version": 1,
          "attributes": {
            "allow": [
              {
                "ports": [
                  "22"
                ],
                "protocol": "tcp"
              },
              {
                "ports": [],
                "protocol": "icmp"
              }
            ],
            "creation_timestamp": "2019-07-04T13:40:09.211-07:00",
            "deny": [],
            "description": "",
            "destination_ranges": [],
            "direction": "INGRESS",
            "disabled": false,
            "id": "osecluster-external-to-bastion",
            "name": "osecluster-external-to-bastion",
            "network": "https://www.googleapis.com/compute/v1/projects/terraform-openshift/global/networks/osecluster-net",
            "priority": 1000,
            "project": "terraform-openshift",
            "self_link": "https://www.googleapis.com/compute/v1/projects/terraform-openshift/global/firewalls/osecluster-external-to-bastion",
            "source_ranges": [
              "0.0.0.0/0"
            ],
            "source_service_accounts": null,
            "source_tags": null,
            "target_service_accounts": null,
            "target_tags": [
              "osecluster-bastion"
            ],
            "timeouts": null
          },
          "private": "eyJlMmJmYjczMC1lY2FhLTExZTYtOGY4OC0zNDM2M2JjN2M0YzAiOnsiY3JlYXRlIjoyNDAwMDAwMDAwMDAsImRlbGV0ZSI6MjQwMDAwMDAwMDAwLCJ1cGRhdGUiOjI0MDAwMDAwMDAwMH0sInNjaGVtYV92ZXJzaW9uIjoiMSJ9",
          "depends_on": [
            "google_compute_network.osecluster-network",
            "google_compute_subnetwork.osecluster-subnetwork"
          ]
        }
      ]
    },
    {
      "module": "module.network",
      "mode": "managed",
      "type": "google_compute_firewall",
      "name": "gfs-to-gfs",
      "provider": "provider.google",
      "instances": [
        {
          "schema_version": 1,
          "attributes": {
            "allow": [
              {
                "ports": [
                  "2222"
                ],
                "protocol": "tcp"
              }
            ],
            "creation_timestamp": "2019-07-04T13:40:09.111-07:00",
            "deny": [],
            "description": "",
            "destination_ranges": [],
            "direction": "INGRESS",
            "disabled": false,
            "id": "osecluster-gfs-to-gfs",
            "name": "osecluster-gfs-to-gfs",
            "network": "https://www.googleapis.com/compute/v1/projects/terraform-openshift/global/networks/osecluster-net",
            "priority": 1000,
            "project": "terraform-openshift",
            "self_link": "https://www.googleapis.com/compute/v1/projects/terraform-openshift/global/firewalls/osecluster-gfs-to-gfs",
            "source_ranges": [],
            "source_service_accounts": null,
            "source_tags": [
              "osecluster-gfs"
            ],
            "target_service_accounts": null,
            "target_tags": [
              "osecluster-gfs"
            ],
            "timeouts": null
          },
          "private": "eyJlMmJmYjczMC1lY2FhLTExZTYtOGY4OC0zNDM2M2JjN2M0YzAiOnsiY3JlYXRlIjoyNDAwMDAwMDAwMDAsImRlbGV0ZSI6MjQwMDAwMDAwMDAwLCJ1cGRhdGUiOjI0MDAwMDAwMDAwMH0sInNjaGVtYV92ZXJzaW9uIjoiMSJ9",
          "depends_on": [
            "google_compute_network.osecluster-network",
            "google_compute_subnetwork.osecluster-subnetwork"
          ]
        }
      ]
    },
    {
      "module": "module.network",
      "mode": "managed",
      "type": "google_compute_firewall",
      "name": "infra-to-infra",
      "provider": "provider.google",
      "instances": [
        {
          "schema_version": 1,
          "attributes": {
            "allow": [
              {
                "ports": [
                  "9200",
                  "9300"
                ],
                "protocol": "tcp"
              }
            ],
            "creation_timestamp": "2019-07-04T13:40:25.910-07:00",
            "deny": [],
            "description": "",
            "destination_ranges": [],
            "direction": "INGRESS",
            "disabled": false,
            "id": "osecluster-infra-to-infra",
            "name": "osecluster-infra-to-infra",
            "network": "https://www.googleapis.com/compute/v1/projects/terraform-openshift/global/networks/osecluster-net",
            "priority": 1000,
            "project": "terraform-openshift",
            "self_link": "https://www.googleapis.com/compute/v1/projects/terraform-openshift/global/firewalls/osecluster-infra-to-infra",
            "source_ranges": [],
            "source_service_accounts": null,
            "source_tags": [
              "osecluster-infra"
            ],
            "target_service_accounts": null,
            "target_tags": [
              "osecluster-infra"
            ],
            "timeouts": null
          },
          "private": "eyJlMmJmYjczMC1lY2FhLTExZTYtOGY4OC0zNDM2M2JjN2M0YzAiOnsiY3JlYXRlIjoyNDAwMDAwMDAwMDAsImRlbGV0ZSI6MjQwMDAwMDAwMDAwLCJ1cGRhdGUiOjI0MDAwMDAwMDAwMH0sInNjaGVtYV92ZXJzaW9uIjoiMSJ9",
          "depends_on": [
            "google_compute_network.osecluster-network",
            "google_compute_subnetwork.osecluster-subnetwork"
          ]
        }
      ]
    },
    {
      "module": "module.network",
      "mode": "managed",
      "type": "google_compute_firewall",
      "name": "infra-to-node",
      "provider": "provider.google",
      "instances": [
        {
          "schema_version": 1,
          "attributes": {
            "allow": [
              {
                "ports": [
                  "10250"
                ],
                "protocol": "tcp"
              }
            ],
            "creation_timestamp": "2019-07-04T13:40:09.571-07:00",
            "deny": [],
            "description": "",
            "destination_ranges": [],
            "direction": "INGRESS",
            "disabled": false,
            "id": "osecluster-infra-to-node",
            "name": "osecluster-infra-to-node",
            "network": "https://www.googleapis.com/compute/v1/projects/terraform-openshift/global/networks/osecluster-net",
            "priority": 1000,
            "project": "terraform-openshift",
            "self_link": "https://www.googleapis.com/compute/v1/projects/terraform-openshift/global/firewalls/osecluster-infra-to-node",
            "source_ranges": [],
            "source_service_accounts": null,
            "source_tags": [
              "osecluster-infra"
            ],
            "target_service_accounts": null,
            "target_tags": [
              "osecluster-node"
            ],
            "timeouts": null
          },
          "private": "eyJlMmJmYjczMC1lY2FhLTExZTYtOGY4OC0zNDM2M2JjN2M0YzAiOnsiY3JlYXRlIjoyNDAwMDAwMDAwMDAsImRlbGV0ZSI6MjQwMDAwMDAwMDAwLCJ1cGRhdGUiOjI0MDAwMDAwMDAwMH0sInNjaGVtYV92ZXJzaW9uIjoiMSJ9",
          "depends_on": [
            "google_compute_network.osecluster-network",
            "google_compute_subnetwork.osecluster-subnetwork"
          ]
        }
      ]
    },
    {
      "module": "module.network",
      "mode": "managed",
      "type": "google_compute_firewall",
      "name": "master-to-master",
      "provider": "provider.google",
      "instances": [
        {
          "schema_version": 1,
          "attributes": {
            "allow": [
              {
                "ports": [
                  "2379",
                  "2380"
                ],
                "protocol": "tcp"
              }
            ],
            "creation_timestamp": "2019-07-04T13:40:09.701-07:00",
            "deny": [],
            "description": "",
            "destination_ranges": [],
            "direction": "INGRESS",
            "disabled": false,
            "id": "osecluster-master-to-master",
            "name": "osecluster-master-to-master",
            "network": "https://www.googleapis.com/compute/v1/projects/terraform-openshift/global/networks/osecluster-net",
            "priority": 1000,
            "project": "terraform-openshift",
            "self_link": "https://www.googleapis.com/compute/v1/projects/terraform-openshift/global/firewalls/osecluster-master-to-master",
            "source_ranges": [],
            "source_service_accounts": null,
            "source_tags": [
              "osecluster-master"
            ],
            "target_service_accounts": null,
            "target_tags": [
              "osecluster-master"
            ],
            "timeouts": null
          },
          "private": "eyJlMmJmYjczMC1lY2FhLTExZTYtOGY4OC0zNDM2M2JjN2M0YzAiOnsiY3JlYXRlIjoyNDAwMDAwMDAwMDAsImRlbGV0ZSI6MjQwMDAwMDAwMDAwLCJ1cGRhdGUiOjI0MDAwMDAwMDAwMH0sInNjaGVtYV92ZXJzaW9uIjoiMSJ9",
          "depends_on": [
            "google_compute_network.osecluster-network",
            "google_compute_subnetwork.osecluster-subnetwork"
          ]
        }
      ]
    },
    {
      "module": "module.network",
      "mode": "managed",
      "type": "google_compute_firewall",
      "name": "master-to-node",
      "provider": "provider.google",
      "instances": [
        {
          "schema_version": 1,
          "attributes": {
            "allow": [
              {
                "ports": [
                  "10250"
                ],
                "protocol": "tcp"
              }
            ],
            "creation_timestamp": "2019-07-04T13:40:09.105-07:00",
            "deny": [],
            "description": "",
            "destination_ranges": [],
            "direction": "INGRESS",
            "disabled": false,
            "id": "osecluster-master-to-node",
            "name": "osecluster-master-to-node",
            "network": "https://www.googleapis.com/compute/v1/projects/terraform-openshift/global/networks/osecluster-net",
            "priority": 1000,
            "project": "terraform-openshift",
            "self_link": "https://www.googleapis.com/compute/v1/projects/terraform-openshift/global/firewalls/osecluster-master-to-node",
            "source_ranges": [],
            "source_service_accounts": null,
            "source_tags": [
              "osecluster-master"
            ],
            "target_service_accounts": null,
            "target_tags": [
              "osecluster-node"
            ],
            "timeouts": null
          },
          "private": "eyJlMmJmYjczMC1lY2FhLTExZTYtOGY4OC0zNDM2M2JjN2M0YzAiOnsiY3JlYXRlIjoyNDAwMDAwMDAwMDAsImRlbGV0ZSI6MjQwMDAwMDAwMDAwLCJ1cGRhdGUiOjI0MDAwMDAwMDAwMH0sInNjaGVtYV92ZXJzaW9uIjoiMSJ9",
          "depends_on": [
            "google_compute_network.osecluster-network",
            "google_compute_subnetwork.osecluster-subnetwork"
          ]
        }
      ]
    },
    {
      "module": "module.network",
      "mode": "managed",
      "type": "google_compute_firewall",
      "name": "node-to-gfs",
      "provider": "provider.google",
      "instances": [
        {
          "schema_version": 1,
          "attributes": {
            "allow": [
              {
                "ports": [
                  "111",
                  "3260",
                  "24007-24010",
                  "49152-49664"
                ],
                "protocol": "tcp"
              },
              {
                "ports": [
                  "111"
                ],
                "protocol": "udp"
              }
            ],
            "creation_timestamp": "2019-07-04T13:40:09.225-07:00",
            "deny": [],
            "description": "",
            "destination_ranges": [],
            "direction": "INGRESS",
            "disabled": false,
            "id": "osecluster-node-to-gfs",
            "name": "osecluster-node-to-gfs",
            "network": "https://www.googleapis.com/compute/v1/projects/terraform-openshift/global/networks/osecluster-net",
            "priority": 1000,
            "project": "terraform-openshift",
            "self_link": "https://www.googleapis.com/compute/v1/projects/terraform-openshift/global/firewalls/osecluster-node-to-gfs",
            "source_ranges": [],
            "source_service_accounts": null,
            "source_tags": [
              "osecluster-node"
            ],
            "target_service_accounts": null,
            "target_tags": [
              "osecluster-gfs"
            ],
            "timeouts": null
          },
          "private": "eyJlMmJmYjczMC1lY2FhLTExZTYtOGY4OC0zNDM2M2JjN2M0YzAiOnsiY3JlYXRlIjoyNDAwMDAwMDAwMDAsImRlbGV0ZSI6MjQwMDAwMDAwMDAwLCJ1cGRhdGUiOjI0MDAwMDAwMDAwMH0sInNjaGVtYV92ZXJzaW9uIjoiMSJ9",
          "depends_on": [
            "google_compute_network.osecluster-network",
            "google_compute_subnetwork.osecluster-subnetwork"
          ]
        }
      ]
    },
    {
      "module": "module.network",
      "mode": "managed",
      "type": "google_compute_firewall",
      "name": "node-to-master",
      "provider": "provider.google",
      "instances": [
        {
          "schema_version": 1,
          "attributes": {
            "allow": [
              {
                "ports": [
                  "8053"
                ],
                "protocol": "tcp"
              },
              {
                "ports": [
                  "8053"
                ],
                "protocol": "udp"
              }
            ],
            "creation_timestamp": "2019-07-04T13:40:09.082-07:00",
            "deny": [],
            "description": "",
            "destination_ranges": [],
            "direction": "INGRESS",
            "disabled": false,
            "id": "osecluster-node-to-master",
            "name": "osecluster-node-to-master",
            "network": "https://www.googleapis.com/compute/v1/projects/terraform-openshift/global/networks/osecluster-net",
            "priority": 1000,
            "project": "terraform-openshift",
            "self_link": "https://www.googleapis.com/compute/v1/projects/terraform-openshift/global/firewalls/osecluster-node-to-master",
            "source_ranges": [],
            "source_service_accounts": null,
            "source_tags": [
              "osecluster-node"
            ],
            "target_service_accounts": null,
            "target_tags": [
              "osecluster-master"
            ],
            "timeouts": null
          },
          "private": "eyJlMmJmYjczMC1lY2FhLTExZTYtOGY4OC0zNDM2M2JjN2M0YzAiOnsiY3JlYXRlIjoyNDAwMDAwMDAwMDAsImRlbGV0ZSI6MjQwMDAwMDAwMDAwLCJ1cGRhdGUiOjI0MDAwMDAwMDAwMH0sInNjaGVtYV92ZXJzaW9uIjoiMSJ9",
          "depends_on": [
            "google_compute_network.osecluster-network",
            "google_compute_subnetwork.osecluster-subnetwork"
          ]
        }
      ]
    },
    {
      "module": "module.network",
      "mode": "managed",
      "type": "google_compute_firewall",
      "name": "node-to-node",
      "provider": "provider.google",
      "instances": [
        {
          "schema_version": 1,
          "attributes": {
            "allow": [
              {
                "ports": [
                  "4789"
                ],
                "protocol": "udp"
              }
            ],
            "creation_timestamp": "2019-07-04T13:40:09.085-07:00",
            "deny": [],
            "description": "",
            "destination_ranges": [],
            "direction": "INGRESS",
            "disabled": false,
            "id": "osecluster-node-to-node",
            "name": "osecluster-node-to-node",
            "network": "https://www.googleapis.com/compute/v1/projects/terraform-openshift/global/networks/osecluster-net",
            "priority": 1000,
            "project": "terraform-openshift",
            "self_link": "https://www.googleapis.com/compute/v1/projects/terraform-openshift/global/firewalls/osecluster-node-to-node",
            "source_ranges": [],
            "source_service_accounts": null,
            "source_tags": [
              "osecluster-node"
            ],
            "target_service_accounts": null,
            "target_tags": [
              "osecluster-node"
            ],
            "timeouts": null
          },
          "private": "eyJlMmJmYjczMC1lY2FhLTExZTYtOGY4OC0zNDM2M2JjN2M0YzAiOnsiY3JlYXRlIjoyNDAwMDAwMDAwMDAsImRlbGV0ZSI6MjQwMDAwMDAwMDAwLCJ1cGRhdGUiOjI0MDAwMDAwMDAwMH0sInNjaGVtYV92ZXJzaW9uIjoiMSJ9",
          "depends_on": [
            "google_compute_network.osecluster-network",
            "google_compute_subnetwork.osecluster-subnetwork"
          ]
        }
      ]
    },
    {
      "module": "module.create_base_image",
      "mode": "managed",
      "type": "google_compute_image",
      "name": "create_rhel_image",
      "provider": "provider.google",
      "instances": [
        {
          "schema_version": 0,
          "attributes": {
            "archive_size_bytes": 772242944,
            "creation_timestamp": "2019-07-04T13:46:24.249-07:00",
            "description": "",
            "disk_size_gb": 10,
            "family": "rhel",
            "id": "osecluster-base-image",
            "label_fingerprint": "42WmSpB8rSM=",
            "labels": {},
            "licenses": [],
            "name": "osecluster-base-image",
            "project": "terraform-openshift",
            "raw_disk": [],
            "self_link": "https://www.googleapis.com/compute/v1/projects/terraform-openshift/global/images/osecluster-base-image",
            "source_disk": "https://www.googleapis.com/compute/v1/projects/terraform-openshift/zones/southamerica-east1-b/disks/osecluster-temp",
            "timeouts": null
          },
          "private": "eyJlMmJmYjczMC1lY2FhLTExZTYtOGY4OC0zNDM2M2JjN2M0YzAiOnsiY3JlYXRlIjoyNDAwMDAwMDAwMDAsImRlbGV0ZSI6MjQwMDAwMDAwMDAwLCJ1cGRhdGUiOjI0MDAwMDAwMDAwMH19"
        }
      ]
    },
    {
      "module": "module.bastion_node",
      "mode": "managed",
      "type": "google_compute_instance",
      "name": "bastion_node",
      "provider": "provider.google",
      "instances": [
        {
          "schema_version": 6,
          "attributes": {
            "allow_stopping_for_update": null,
            "attached_disk": [],
            "boot_disk": [
              {
                "auto_delete": true,
                "device_name": "osecluster-bastion",
                "disk_encryption_key_raw": "",
                "disk_encryption_key_sha256": "",
                "initialize_params": [
                  {
                    "image": "https://www.googleapis.com/compute/v1/projects/terraform-openshift/global/images/osecluster-base-image",
                    "size": 15,
                    "type": "pd-standard"
                  }
                ],
                "kms_key_self_link": "",
                "source": "https://www.googleapis.com/compute/v1/projects/terraform-openshift/zones/southamerica-east1-b/disks/osecluster-bastion"
              }
            ],
            "can_ip_forward": false,
            "cpu_platform": "Intel Broadwell",
            "deletion_protection": false,
            "description": null,
            "disk": [],
            "guest_accelerator": [],
            "hostname": "",
            "id": "osecluster-bastion",
            "instance_id": "1838459503426914827",
            "label_fingerprint": "42WmSpB8rSM=",
            "labels": null,
            "machine_type": "g1-small",
            "metadata": {
              "VmDnsSetting": "GlobalOnly",
              "ocp-cluster": "osecluster",
              "osecluster-type": "bastion",
              "ssh-keys": "jeniffer_jc29:-----BEGIN RSA PRIVATE KEY-----\nMIIEpQIBAAKCAQEAqGora2TefPx7BzMMSmI3OPX9Rgub1Q+2lZGx1Fct7LrNkoOK\nLKsgsM5/JWxwYLbykwmn7WZdH/V1zKsKoUiNybKy2zAnbw3BDXWIjGLHL/kSyMX8\nbJi8LrKsD/0pCPVvnQlBRW+HDvTv+G+7EHoFvHx5uIOG5pdohuLHmXVUFAL2Pcb4\n6703d1VOoRLmc6kWGABq4dnQAQ8eLQb/G8B/O4hvRjBps6xB4n3F13F0d0IBSVyD\nPf4hjCNZI4e0txiFNFJnsArHA44dOyX/M/5ElVyXschqQd19UQCnT0y56BtgbjS+\nOtJBrUyusL0RYB45eWAnh96BL9gDsdL3XkIObwIDAQABAoIBAQCC2uNbsWcxw9cv\ns9lD3mY76t3c095DwM7EDg0XCJnVSxu5UF1G8bwXxIqEIGp8qwl1d9YzngqTb1wV\nJ3y97irE4gUYS6UII66xb3YmZgWQX73ZpAPKuS3WNtt8HN8KZ/FOGcfOVKai12ux\nI9c8KSNV3X2SARgLCO+dho1BzikC1juFQW2qVwM7rKCfE9QqG/FVa0aElINKnfyN\nKoxN1Rkwe6XGfJ0VeTCrNc52bsiWWMWZe/fUYShjOpvukOkpO6ecFO1gtvkP9bJP\nirS6xEYKRIJVpVOB0KP2EaW4gnghMSZ59A7G7TvuDnOipIbOwZg7bTA9uKDrxyDz\n09qb1CKBAoGBANVsvDoPLCZZzvYSWDwFOiZblJE0iNDGkiA0Wo9L4iFetCh10uK7\nUplUxkIZaBsiSayevcNWczN/TJ3oV21Q4lV8m3BamGJvM+dm2DwK8tZTblzrntE8\nvaNXUPcdwbOakyvWeDfZ2dYEXINlqUmMKv7q+rDR9aHva/m06/1LyS0vAoGBAMoC\n1/bXwc9CDfalPVThaMpvmsqZv+bnwEH9xA2YSerohhRHIrbBTILUvdNdcaWurAuY\n1yPtgqF9tC6rXFH8efYlLbNrpWRUFqFzFsQsabm54F79mzdSajPm3Z1Ud6kxMj0X\n8T+iI/VhARfGxT7QnWvUYrht3Np2qY+EB5E3pWLBAoGBALOpKjZxyUereGZ7AN3d\nxJq/oywtHjMpxZ7ok4dnaL+QmnYo4VLOP/UlgRPpkVKuJXjz1GjYoHesZNHU4av7\nV9yA3dTR3s+WLwpP8B1zVgMIDrKYAoS+7iDPgy/TU9keeV+A1oilkhPwbfSKotxv\n603WfxxUUsNz6eA15ia/ImYvAoGBAML+E7C1euKwhAH8ZkM0gY5GREgkONSOB0qr\nxT7KLS+O2z1fnOaDl3MCH2mS3UxsWq2nDqQjcuCnEfGqfya0apVqNb7mvXMmp+GX\n0fXyWOtpvGZ0rgqshs8qnehrzEWIs1G9dqVRwRvuUru8plCH1ixrig80HObTe8CI\nVTWbXQ0BAoGAD4L6v2eSVocRqauDP08jFeaHYVUpmuT3FrOiZCzPYGpwWTdA0R96\n6+24slv47L9mUOe2SfAogjmfQCvzJM5BgyuIzODj6qNPdtEgL42K/UzhsN+usLw3\naa45G1aMaMOsxXRxrbl2WM5FZsja5ZbMizp8N33ZQTq3ye9+oLwVeBE=\n-----END RSA PRIVATE KEY-----\n"
            },
            "metadata_fingerprint": "e-lWSbFFIfQ=",
            "metadata_startup_script": "",
            "min_cpu_platform": "",
            "name": "osecluster-bastion",
            "network_interface": [
              {
                "access_config": [
                  {
                    "assigned_nat_ip": "",
                    "nat_ip": "35.199.105.18",
                    "network_tier": "PREMIUM",
                    "public_ptr_domain_name": ""
                  }
                ],
                "address": "",
                "alias_ip_range": [],
                "name": "nic0",
                "network": "https://www.googleapis.com/compute/v1/projects/terraform-openshift/global/networks/osecluster-net",
                "network_ip": "10.240.0.7",
                "subnetwork": "https://www.googleapis.com/compute/v1/projects/terraform-openshift/regions/southamerica-east1/subnetworks/osecluster-subnet",
                "subnetwork_project": "terraform-openshift"
              }
            ],
            "project": "terraform-openshift",
            "scheduling": [
              {
                "automatic_restart": true,
                "node_affinities": [],
                "on_host_maintenance": "MIGRATE",
                "preemptible": false
              }
            ],
            "scratch_disk": [],
            "self_link": "https://www.googleapis.com/compute/v1/projects/terraform-openshift/zones/southamerica-east1-b/instances/osecluster-bastion",
            "service_account": [
              {
                "email": "286265308590-compute@developer.gserviceaccount.com",
                "scopes": [
                  "https://www.googleapis.com/auth/cloud.useraccounts.readonly",
                  "https://www.googleapis.com/auth/compute",
                  "https://www.googleapis.com/auth/devstorage.read_write",
                  "https://www.googleapis.com/auth/logging.write",
                  "https://www.googleapis.com/auth/monitoring.write",
                  "https://www.googleapis.com/auth/service.management.readonly",
                  "https://www.googleapis.com/auth/servicecontrol"
                ]
              }
            ],
            "shielded_instance_config": [],
            "tags": [
              "osecluster-bastion"
            ],
            "tags_fingerprint": "jZSLFmmsxUk=",
            "timeouts": null,
            "zone": "southamerica-east1-b"
          },
          "private": "eyJlMmJmYjczMC1lY2FhLTExZTYtOGY4OC0zNDM2M2JjN2M0YzAiOnsiY3JlYXRlIjoxMjAwMDAwMDAwMDAwLCJkZWxldGUiOjEyMDAwMDAwMDAwMDAsInVwZGF0ZSI6MTIwMDAwMDAwMDAwMH0sInNjaGVtYV92ZXJzaW9uIjoiNiJ9",
          "depends_on": [
            "google_compute_address.bastion-public-ip"
          ]
        }
      ]
    },
    {
      "module": "module.infra_node",
      "mode": "managed",
      "type": "google_compute_instance",
      "name": "infra_node",
      "provider": "provider.google",
      "instances": [
        {
          "schema_version": 6,
          "attributes": {
            "allow_stopping_for_update": null,
            "attached_disk": [
              {
                "device_name": "osecluster-infra-0-docker",
                "disk_encryption_key_raw": "",
                "disk_encryption_key_sha256": "",
                "kms_key_self_link": "",
                "mode": "READ_WRITE",
                "source": "https://www.googleapis.com/compute/v1/projects/terraform-openshift/zones/southamerica-east1-b/disks/osecluster-infra-0-docker"
              }
            ],
            "boot_disk": [
              {
                "auto_delete": true,
                "device_name": "osecluster-infra-0",
                "disk_encryption_key_raw": "",
                "disk_encryption_key_sha256": "",
                "initialize_params": [
                  {
                    "image": "https://www.googleapis.com/compute/v1/projects/terraform-openshift/global/images/osecluster-base-image",
                    "size": 15,
                    "type": "pd-standard"
                  }
                ],
                "kms_key_self_link": "",
                "source": "https://www.googleapis.com/compute/v1/projects/terraform-openshift/zones/southamerica-east1-b/disks/osecluster-infra-0"
              }
            ],
            "can_ip_forward": false,
            "cpu_platform": "Intel Broadwell",
            "deletion_protection": false,
            "description": null,
            "disk": [],
            "guest_accelerator": [],
            "hostname": "",
            "id": "osecluster-infra-0",
            "instance_id": "771820374218491096",
            "label_fingerprint": "42WmSpB8rSM=",
            "labels": null,
            "machine_type": "g1-small",
            "metadata": {
              "VmDnsSetting": "GlobalOnly",
              "ocp-cluster": "osecluster",
              "osecluster-type": "infra"
            },
            "metadata_fingerprint": "XF4dmYIdo9o=",
            "metadata_startup_script": "mkfs.xfs /dev/disk/by-id/google-osecluster-infra-0-docker; mkdir -p /var/lib/docker; echo UUID=$(blkid -s UUID -o value /dev/disk/by-id/google-osecluster-infra-0-docker) /var/lib/docker xfs defaults,discard 0 2 \u003e\u003e /etc/fstab; mount -a",
            "min_cpu_platform": "",
            "name": "osecluster-infra-0",
            "network_interface": [
              {
                "access_config": [
                  {
                    "assigned_nat_ip": "",
                    "nat_ip": "35.247.208.61",
                    "network_tier": "PREMIUM",
                    "public_ptr_domain_name": ""
                  }
                ],
                "address": "",
                "alias_ip_range": [],
                "name": "nic0",
                "network": "https://www.googleapis.com/compute/v1/projects/terraform-openshift/global/networks/osecluster-net",
                "network_ip": "10.240.0.10",
                "subnetwork": "https://www.googleapis.com/compute/v1/projects/terraform-openshift/regions/southamerica-east1/subnetworks/osecluster-subnet",
                "subnetwork_project": "terraform-openshift"
              }
            ],
            "project": "terraform-openshift",
            "scheduling": [
              {
                "automatic_restart": true,
                "node_affinities": [],
                "on_host_maintenance": "MIGRATE",
                "preemptible": false
              }
            ],
            "scratch_disk": [],
            "self_link": "https://www.googleapis.com/compute/v1/projects/terraform-openshift/zones/southamerica-east1-b/instances/osecluster-infra-0",
            "service_account": [
              {
                "email": "286265308590-compute@developer.gserviceaccount.com",
                "scopes": [
                  "https://www.googleapis.com/auth/cloud.useraccounts.readonly",
                  "https://www.googleapis.com/auth/compute",
                  "https://www.googleapis.com/auth/devstorage.read_write",
                  "https://www.googleapis.com/auth/logging.write",
                  "https://www.googleapis.com/auth/monitoring.write",
                  "https://www.googleapis.com/auth/service.management.readonly",
                  "https://www.googleapis.com/auth/servicecontrol"
                ]
              }
            ],
            "shielded_instance_config": [],
            "tags": [
              "osecluster-infra",
              "osecluster-node"
            ],
            "tags_fingerprint": "WDt228FXKJ8=",
            "timeouts": null,
            "zone": "southamerica-east1-b"
          },
          "private": "eyJlMmJmYjczMC1lY2FhLTExZTYtOGY4OC0zNDM2M2JjN2M0YzAiOnsiY3JlYXRlIjoxMjAwMDAwMDAwMDAwLCJkZWxldGUiOjEyMDAwMDAwMDAwMDAsInVwZGF0ZSI6MTIwMDAwMDAwMDAwMH0sInNjaGVtYV92ZXJzaW9uIjoiNiJ9",
          "depends_on": [
            "google_compute_address.apps-public-ip",
            "google_compute_disk.infra-docker-disk"
          ]
        }
      ]
    },
    {
      "module": "module.master_node",
      "mode": "managed",
      "type": "google_compute_instance",
      "name": "master_node",
      "provider": "provider.google",
      "instances": [
        {
          "schema_version": 6,
          "attributes": {
            "allow_stopping_for_update": null,
            "attached_disk": [
              {
                "device_name": "osecluster-master-0-docker",
                "disk_encryption_key_raw": "",
                "disk_encryption_key_sha256": "",
                "kms_key_self_link": "",
                "mode": "READ_WRITE",
                "source": "https://www.googleapis.com/compute/v1/projects/terraform-openshift/zones/southamerica-east1-b/disks/osecluster-master-0-docker"
              }
            ],
            "boot_disk": [
              {
                "auto_delete": true,
                "device_name": "osecluster-master-0",
                "disk_encryption_key_raw": "",
                "disk_encryption_key_sha256": "",
                "initialize_params": [
                  {
                    "image": "https://www.googleapis.com/compute/v1/projects/terraform-openshift/global/images/osecluster-base-image",
                    "size": 15,
                    "type": "pd-standard"
                  }
                ],
                "kms_key_self_link": "",
                "source": "https://www.googleapis.com/compute/v1/projects/terraform-openshift/zones/southamerica-east1-b/disks/osecluster-master-0"
              }
            ],
            "can_ip_forward": false,
            "cpu_platform": "Intel Broadwell",
            "deletion_protection": false,
            "description": null,
            "disk": [],
            "guest_accelerator": [],
            "hostname": "",
            "id": "osecluster-master-0",
            "instance_id": "778221022245799461",
            "label_fingerprint": "42WmSpB8rSM=",
            "labels": null,
            "machine_type": "g1-small",
            "metadata": {
              "VmDnsSetting": "GlobalOnly",
              "ocp-cluster": "osecluster",
              "osecluster-type": "master"
            },
            "metadata_fingerprint": "faMrWty2jXw=",
            "metadata_startup_script": "mkfs.xfs /dev/disk/by-id/google-osecluster-master-0-docker; mkdir -p /var/lib/docker; echo UUID=$(blkid -s UUID -o value /dev/disk/by-id/google-osecluster-master-0-docker) /var/lib/docker xfs defaults,discard 0 2 \u003e\u003e /etc/fstab; mount -a",
            "min_cpu_platform": "",
            "name": "osecluster-master-0",
            "network_interface": [
              {
                "access_config": [
                  {
                    "assigned_nat_ip": "",
                    "nat_ip": "35.247.215.84",
                    "network_tier": "PREMIUM",
                    "public_ptr_domain_name": ""
                  }
                ],
                "address": "",
                "alias_ip_range": [],
                "name": "nic0",
                "network": "https://www.googleapis.com/compute/v1/projects/terraform-openshift/global/networks/osecluster-net",
                "network_ip": "10.240.0.9",
                "subnetwork": "https://www.googleapis.com/compute/v1/projects/terraform-openshift/regions/southamerica-east1/subnetworks/osecluster-subnet",
                "subnetwork_project": "terraform-openshift"
              }
            ],
            "project": "terraform-openshift",
            "scheduling": [
              {
                "automatic_restart": true,
                "node_affinities": [],
                "on_host_maintenance": "MIGRATE",
                "preemptible": false
              }
            ],
            "scratch_disk": [],
            "self_link": "https://www.googleapis.com/compute/v1/projects/terraform-openshift/zones/southamerica-east1-b/instances/osecluster-master-0",
            "service_account": [
              {
                "email": "286265308590-compute@developer.gserviceaccount.com",
                "scopes": [
                  "https://www.googleapis.com/auth/cloud.useraccounts.readonly",
                  "https://www.googleapis.com/auth/compute",
                  "https://www.googleapis.com/auth/devstorage.read_write",
                  "https://www.googleapis.com/auth/logging.write",
                  "https://www.googleapis.com/auth/monitoring.write",
                  "https://www.googleapis.com/auth/service.management.readonly",
                  "https://www.googleapis.com/auth/servicecontrol"
                ]
              }
            ],
            "shielded_instance_config": [],
            "tags": [
              "osecluster-master",
              "osecluster-node"
            ],
            "tags_fingerprint": "1YiPLDfr0Cg=",
            "timeouts": null,
            "zone": "southamerica-east1-b"
          },
          "private": "eyJlMmJmYjczMC1lY2FhLTExZTYtOGY4OC0zNDM2M2JjN2M0YzAiOnsiY3JlYXRlIjoxMjAwMDAwMDAwMDAwLCJkZWxldGUiOjEyMDAwMDAwMDAwMDAsInVwZGF0ZSI6MTIwMDAwMDAwMDAwMH0sInNjaGVtYV92ZXJzaW9uIjoiNiJ9",
          "depends_on": [
            "google_compute_address.master-public-ip",
            "google_compute_disk.master-docker-disk"
          ]
        }
      ]
    },
    {
      "module": "module.network",
      "mode": "managed",
      "type": "google_compute_network",
      "name": "osecluster-network",
      "provider": "provider.google",
      "instances": [
        {
          "schema_version": 0,
          "attributes": {
            "auto_create_subnetworks": false,
            "delete_default_routes_on_create": false,
            "description": "",
            "gateway_ipv4": "",
            "id": "osecluster-net",
            "ipv4_range": "",
            "name": "osecluster-net",
            "project": "terraform-openshift",
            "routing_mode": "REGIONAL",
            "self_link": "https://www.googleapis.com/compute/v1/projects/terraform-openshift/global/networks/osecluster-net",
            "timeouts": null
          },
          "private": "eyJlMmJmYjczMC1lY2FhLTExZTYtOGY4OC0zNDM2M2JjN2M0YzAiOnsiY3JlYXRlIjoyNDAwMDAwMDAwMDAsImRlbGV0ZSI6MjQwMDAwMDAwMDAwLCJ1cGRhdGUiOjI0MDAwMDAwMDAwMH19"
        }
      ]
    },
    {
      "mode": "managed",
      "type": "google_compute_project_metadata_item",
      "name": "ssh-key",
      "provider": "provider.google",
      "instances": [
        {
          "schema_version": 0,
          "attributes": {
            "id": "sshKeys",
            "key": "sshKeys",
            "project": "terraform-openshift",
            "timeouts": null,
            "value": "jeniffer_jc29:ssh-rsa AAAAB3NzaC1yc2EAAAADAQABAAABAQCoaitrZN58/HsHMwxKYjc49f1GC5vVD7aVkbHUVy3sus2Sg4osqyCwzn8lbHBgtvKTCaftZl0f9XXMqwqhSI3JsrLbMCdvDcENdYiMYscv+RLIxfxsmLwusqwP/SkI9W+dCUFFb4cO9O/4b7sQegW8fHm4g4bml2iG4seZdVQUAvY9xvjrvTd3VU6hEuZzqRYYAGrh2dABDx4tBv8bwH87iG9GMGmzrEHifcXXcXR3QgFJXIM9/iGMI1kjh7S3GIU0UmewCscDjh07Jf8z/kSVXJexyGpB3X1RAKdPTLnoG2BuNL460kGtTK6wvRFgHjl5YCeH3oEv2AOx0vdeQg5v google-ssh {\"userName\":\"jeniffer_jc29\",\"expireOn\":\"2020-07-03T17:57:51+0000\"}\n"
          },
          "private": "eyJlMmJmYjczMC1lY2FhLTExZTYtOGY4OC0zNDM2M2JjN2M0YzAiOnsiY3JlYXRlIjozMDAwMDAwMDAwMDAsImRlbGV0ZSI6MzAwMDAwMDAwMDAwLCJ1cGRhdGUiOjMwMDAwMDAwMDAwMH19",
          "depends_on": [
            "null_resource.create_bastion_private_key"
          ]
        }
      ]
    },
    {
      "module": "module.network",
      "mode": "managed",
      "type": "google_compute_subnetwork",
      "name": "osecluster-subnetwork",
      "provider": "provider.google",
      "instances": [
        {
          "schema_version": 0,
          "attributes": {
            "creation_timestamp": "2019-07-04T13:39:52.431-07:00",
            "description": "",
            "enable_flow_logs": false,
            "fingerprint": "HX6ZF4WInHE=",
            "gateway_address": "10.240.0.1",
            "id": "southamerica-east1/osecluster-subnet",
            "ip_cidr_range": "10.240.0.0/24",
            "name": "osecluster-subnet",
            "network": "https://www.googleapis.com/compute/v1/projects/terraform-openshift/global/networks/osecluster-net",
            "private_ip_google_access": false,
            "project": "terraform-openshift",
            "region": "southamerica-east1",
            "secondary_ip_range": [],
            "self_link": "https://www.googleapis.com/compute/v1/projects/terraform-openshift/regions/southamerica-east1/subnetworks/osecluster-subnet",
            "timeouts": null
          },
          "private": "eyJlMmJmYjczMC1lY2FhLTExZTYtOGY4OC0zNDM2M2JjN2M0YzAiOnsiY3JlYXRlIjozNjAwMDAwMDAwMDAsImRlbGV0ZSI6MzYwMDAwMDAwMDAwLCJ1cGRhdGUiOjM2MDAwMDAwMDAwMH19",
          "depends_on": [
            "google_compute_network.osecluster-network"
          ]
        }
      ]
    },
    {
      "mode": "managed",
      "type": "null_resource",
      "name": "create_bastion_private_key",
      "provider": "provider.null",
      "instances": [
        {
          "schema_version": 0,
          "attributes": {
            "id": "4041479031569208427",
            "triggers": null
          },
          "private": "bnVsbA=="
        }
      ]
    },
    {
      "module": "module.bastion_node",
      "mode": "managed",
      "type": "null_resource",
      "name": "preparing_bastion",
      "provider": "provider.null",
      "instances": [
        {
          "schema_version": 0,
          "attributes": {
            "id": "5385269662096678771",
            "triggers": null
          },
          "private": "bnVsbA==",
          "depends_on": [
            "google_compute_address.bastion-public-ip",
            "google_compute_instance.bastion_node"
          ]
        }
      ]
    }
  ]
}
