{
  "version": 4,
  "terraform_version": "0.12.3",
  "serial": 446,
  "lineage": "1d15edc0-7c67-18a7-8fa7-fb404c51c5d7",
  "outputs": {},
  "resources": [
    {
      "module": "module.infra_node",
      "mode": "managed",
      "type": "google_compute_address",
      "name": "apps-public-ip",
      "provider": "provider.google",
      "instances": [
        {
          "schema_version": 0,
          "attributes": {
            "address": "35.247.246.231",
            "address_type": "EXTERNAL",
            "creation_timestamp": "2019-07-01T14:07:36.519-07:00",
            "description": "",
            "id": "terraform-project-244918/southamerica-east1/terraform-project-apps",
            "name": "terraform-project-apps",
            "network_tier": "PREMIUM",
            "project": "terraform-project-244918",
            "region": "southamerica-east1",
            "self_link": "https://www.googleapis.com/compute/v1/projects/terraform-project-244918/regions/southamerica-east1/addresses/terraform-project-apps",
            "subnetwork": "",
            "timeouts": null,
            "users": []
          },
          "private": "eyJlMmJmYjczMC1lY2FhLTExZTYtOGY4OC0zNDM2M2JjN2M0YzAiOnsiY3JlYXRlIjoyNDAwMDAwMDAwMDAsImRlbGV0ZSI6MjQwMDAwMDAwMDAwfX0="
        }
      ]
    },
    {
      "module": "module.bastion_node",
      "mode": "managed",
      "type": "google_compute_address",
      "name": "bastion-public-ip",
      "provider": "provider.google",
      "instances": [
        {
          "schema_version": 0,
          "attributes": {
            "address": "35.247.254.33",
            "address_type": "EXTERNAL",
            "creation_timestamp": "2019-07-01T14:07:36.516-07:00",
            "description": "",
            "id": "terraform-project-244918/southamerica-east1/terraform-project-bastion",
            "name": "terraform-project-bastion",
            "network_tier": "PREMIUM",
            "project": "terraform-project-244918",
            "region": "southamerica-east1",
            "self_link": "https://www.googleapis.com/compute/v1/projects/terraform-project-244918/regions/southamerica-east1/addresses/terraform-project-bastion",
            "subnetwork": "",
            "timeouts": null,
            "users": []
          },
          "private": "eyJlMmJmYjczMC1lY2FhLTExZTYtOGY4OC0zNDM2M2JjN2M0YzAiOnsiY3JlYXRlIjoyNDAwMDAwMDAwMDAsImRlbGV0ZSI6MjQwMDAwMDAwMDAwfX0="
        }
      ]
    },
    {
      "module": "module.master_node",
      "mode": "managed",
      "type": "google_compute_address",
      "name": "master-public-ip",
      "provider": "provider.google",
      "instances": [
        {
          "schema_version": 0,
          "attributes": {
            "address": "35.199.74.250",
            "address_type": "EXTERNAL",
            "creation_timestamp": "2019-07-01T14:07:45.169-07:00",
            "description": "",
            "id": "terraform-project-244918/southamerica-east1/terraform-project-master",
            "name": "terraform-project-master",
            "network_tier": "PREMIUM",
            "project": "terraform-project-244918",
            "region": "southamerica-east1",
            "self_link": "https://www.googleapis.com/compute/v1/projects/terraform-project-244918/regions/southamerica-east1/addresses/terraform-project-master",
            "subnetwork": "",
            "timeouts": null,
            "users": []
          },
          "private": "eyJlMmJmYjczMC1lY2FhLTExZTYtOGY4OC0zNDM2M2JjN2M0YzAiOnsiY3JlYXRlIjoyNDAwMDAwMDAwMDAsImRlbGV0ZSI6MjQwMDAwMDAwMDAwfX0="
        }
      ]
    },
    {
      "module": "module.app_node",
      "mode": "managed",
      "type": "google_compute_disk",
      "name": "app-docker-disk",
      "each": "list",
      "provider": "provider.google",
      "instances": [
        {
          "index_key": 0,
          "schema_version": 0,
          "attributes": {
            "creation_timestamp": "2019-07-01T14:07:40.651-07:00",
            "description": "",
            "disk_encryption_key": [],
            "disk_encryption_key_raw": null,
            "disk_encryption_key_sha256": null,
            "id": "terraform-project-app-0-docker",
            "image": "",
            "label_fingerprint": "42WmSpB8rSM=",
            "labels": null,
            "last_attach_timestamp": "",
            "last_detach_timestamp": "",
            "name": "terraform-project-app-0-docker",
            "physical_block_size_bytes": 4096,
            "project": "terraform-project-244918",
            "self_link": "https://www.googleapis.com/compute/v1/projects/terraform-project-244918/zones/southamerica-east1-b/disks/terraform-project-app-0-docker",
            "size": 30,
            "snapshot": "",
            "source_image_encryption_key": [],
            "source_image_id": "",
            "source_snapshot_encryption_key": [],
            "source_snapshot_id": "",
            "timeouts": null,
            "type": "pd-standard",
            "users": [],
            "zone": "southamerica-east1-b"
          },
          "private": "eyJlMmJmYjczMC1lY2FhLTExZTYtOGY4OC0zNDM2M2JjN2M0YzAiOnsiY3JlYXRlIjozMDAwMDAwMDAwMDAsImRlbGV0ZSI6MjQwMDAwMDAwMDAwLCJ1cGRhdGUiOjI0MDAwMDAwMDAwMH19"
        },
        {
          "index_key": 1,
          "schema_version": 0,
          "attributes": {
            "creation_timestamp": "2019-07-01T14:07:36.364-07:00",
            "description": "",
            "disk_encryption_key": [],
            "disk_encryption_key_raw": null,
            "disk_encryption_key_sha256": null,
            "id": "terraform-project-app-1-docker",
            "image": "",
            "label_fingerprint": "42WmSpB8rSM=",
            "labels": null,
            "last_attach_timestamp": "",
            "last_detach_timestamp": "",
            "name": "terraform-project-app-1-docker",
            "physical_block_size_bytes": 4096,
            "project": "terraform-project-244918",
            "self_link": "https://www.googleapis.com/compute/v1/projects/terraform-project-244918/zones/southamerica-east1-b/disks/terraform-project-app-1-docker",
            "size": 30,
            "snapshot": "",
            "source_image_encryption_key": [],
            "source_image_id": "",
            "source_snapshot_encryption_key": [],
            "source_snapshot_id": "",
            "timeouts": null,
            "type": "pd-standard",
            "users": [],
            "zone": "southamerica-east1-b"
          },
          "private": "eyJlMmJmYjczMC1lY2FhLTExZTYtOGY4OC0zNDM2M2JjN2M0YzAiOnsiY3JlYXRlIjozMDAwMDAwMDAwMDAsImRlbGV0ZSI6MjQwMDAwMDAwMDAwLCJ1cGRhdGUiOjI0MDAwMDAwMDAwMH19"
        },
        {
          "index_key": 2,
          "schema_version": 0,
          "attributes": {
            "creation_timestamp": "2019-07-01T14:07:40.246-07:00",
            "description": "",
            "disk_encryption_key": [],
            "disk_encryption_key_raw": null,
            "disk_encryption_key_sha256": null,
            "id": "terraform-project-app-2-docker",
            "image": "",
            "label_fingerprint": "42WmSpB8rSM=",
            "labels": null,
            "last_attach_timestamp": "",
            "last_detach_timestamp": "",
            "name": "terraform-project-app-2-docker",
            "physical_block_size_bytes": 4096,
            "project": "terraform-project-244918",
            "self_link": "https://www.googleapis.com/compute/v1/projects/terraform-project-244918/zones/southamerica-east1-b/disks/terraform-project-app-2-docker",
            "size": 30,
            "snapshot": "",
            "source_image_encryption_key": [],
            "source_image_id": "",
            "source_snapshot_encryption_key": [],
            "source_snapshot_id": "",
            "timeouts": null,
            "type": "pd-standard",
            "users": [],
            "zone": "southamerica-east1-b"
          },
          "private": "eyJlMmJmYjczMC1lY2FhLTExZTYtOGY4OC0zNDM2M2JjN2M0YzAiOnsiY3JlYXRlIjozMDAwMDAwMDAwMDAsImRlbGV0ZSI6MjQwMDAwMDAwMDAwLCJ1cGRhdGUiOjI0MDAwMDAwMDAwMH19"
        }
      ]
    },
    {
      "module": "module.app_node",
      "mode": "managed",
      "type": "google_compute_disk",
      "name": "app-gfs-disk-1",
      "each": "list",
      "provider": "provider.google",
      "instances": [
        {
          "index_key": 0,
          "schema_version": 0,
          "attributes": {
            "creation_timestamp": "2019-07-01T14:07:45.297-07:00",
            "description": "",
            "disk_encryption_key": [],
            "disk_encryption_key_raw": null,
            "disk_encryption_key_sha256": null,
            "id": "terraform-project-app-0-gfs-1",
            "image": "",
            "label_fingerprint": "42WmSpB8rSM=",
            "labels": null,
            "last_attach_timestamp": "",
            "last_detach_timestamp": "",
            "name": "terraform-project-app-0-gfs-1",
            "physical_block_size_bytes": 4096,
            "project": "terraform-project-244918",
            "self_link": "https://www.googleapis.com/compute/v1/projects/terraform-project-244918/zones/southamerica-east1-b/disks/terraform-project-app-0-gfs-1",
            "size": 30,
            "snapshot": "",
            "source_image_encryption_key": [],
            "source_image_id": "",
            "source_snapshot_encryption_key": [],
            "source_snapshot_id": "",
            "timeouts": null,
            "type": "pd-standard",
            "users": [],
            "zone": "southamerica-east1-b"
          },
          "private": "eyJlMmJmYjczMC1lY2FhLTExZTYtOGY4OC0zNDM2M2JjN2M0YzAiOnsiY3JlYXRlIjozMDAwMDAwMDAwMDAsImRlbGV0ZSI6MjQwMDAwMDAwMDAwLCJ1cGRhdGUiOjI0MDAwMDAwMDAwMH19"
        },
        {
          "index_key": 1,
          "schema_version": 0,
          "attributes": {
            "creation_timestamp": "2019-07-01T14:07:45.666-07:00",
            "description": "",
            "disk_encryption_key": [],
            "disk_encryption_key_raw": null,
            "disk_encryption_key_sha256": null,
            "id": "terraform-project-app-1-gfs-1",
            "image": "",
            "label_fingerprint": "42WmSpB8rSM=",
            "labels": null,
            "last_attach_timestamp": "",
            "last_detach_timestamp": "",
            "name": "terraform-project-app-1-gfs-1",
            "physical_block_size_bytes": 4096,
            "project": "terraform-project-244918",
            "self_link": "https://www.googleapis.com/compute/v1/projects/terraform-project-244918/zones/southamerica-east1-b/disks/terraform-project-app-1-gfs-1",
            "size": 30,
            "snapshot": "",
            "source_image_encryption_key": [],
            "source_image_id": "",
            "source_snapshot_encryption_key": [],
            "source_snapshot_id": "",
            "timeouts": null,
            "type": "pd-standard",
            "users": [],
            "zone": "southamerica-east1-b"
          },
          "private": "eyJlMmJmYjczMC1lY2FhLTExZTYtOGY4OC0zNDM2M2JjN2M0YzAiOnsiY3JlYXRlIjozMDAwMDAwMDAwMDAsImRlbGV0ZSI6MjQwMDAwMDAwMDAwLCJ1cGRhdGUiOjI0MDAwMDAwMDAwMH19"
        },
        {
          "index_key": 2,
          "schema_version": 0,
          "attributes": {
            "creation_timestamp": "2019-07-01T14:07:36.345-07:00",
            "description": "",
            "disk_encryption_key": [],
            "disk_encryption_key_raw": null,
            "disk_encryption_key_sha256": null,
            "id": "terraform-project-app-2-gfs-1",
            "image": "",
            "label_fingerprint": "42WmSpB8rSM=",
            "labels": null,
            "last_attach_timestamp": "",
            "last_detach_timestamp": "",
            "name": "terraform-project-app-2-gfs-1",
            "physical_block_size_bytes": 4096,
            "project": "terraform-project-244918",
            "self_link": "https://www.googleapis.com/compute/v1/projects/terraform-project-244918/zones/southamerica-east1-b/disks/terraform-project-app-2-gfs-1",
            "size": 30,
            "snapshot": "",
            "source_image_encryption_key": [],
            "source_image_id": "",
            "source_snapshot_encryption_key": [],
            "source_snapshot_id": "",
            "timeouts": null,
            "type": "pd-standard",
            "users": [],
            "zone": "southamerica-east1-b"
          },
          "private": "eyJlMmJmYjczMC1lY2FhLTExZTYtOGY4OC0zNDM2M2JjN2M0YzAiOnsiY3JlYXRlIjozMDAwMDAwMDAwMDAsImRlbGV0ZSI6MjQwMDAwMDAwMDAwLCJ1cGRhdGUiOjI0MDAwMDAwMDAwMH19"
        }
      ]
    },
    {
      "module": "module.app_node",
      "mode": "managed",
      "type": "google_compute_disk",
      "name": "app-gfs-disk-2",
      "each": "list",
      "provider": "provider.google",
      "instances": [
        {
          "index_key": 0,
          "schema_version": 0,
          "attributes": {
            "creation_timestamp": "2019-07-01T14:07:36.099-07:00",
            "description": "",
            "disk_encryption_key": [],
            "disk_encryption_key_raw": null,
            "disk_encryption_key_sha256": null,
            "id": "terraform-project-app-0-gfs-2",
            "image": "",
            "label_fingerprint": "42WmSpB8rSM=",
            "labels": null,
            "last_attach_timestamp": "",
            "last_detach_timestamp": "",
            "name": "terraform-project-app-0-gfs-2",
            "physical_block_size_bytes": 4096,
            "project": "terraform-project-244918",
            "self_link": "https://www.googleapis.com/compute/v1/projects/terraform-project-244918/zones/southamerica-east1-b/disks/terraform-project-app-0-gfs-2",
            "size": 30,
            "snapshot": "",
            "source_image_encryption_key": [],
            "source_image_id": "",
            "source_snapshot_encryption_key": [],
            "source_snapshot_id": "",
            "timeouts": null,
            "type": "pd-standard",
            "users": [],
            "zone": "southamerica-east1-b"
          },
          "private": "eyJlMmJmYjczMC1lY2FhLTExZTYtOGY4OC0zNDM2M2JjN2M0YzAiOnsiY3JlYXRlIjozMDAwMDAwMDAwMDAsImRlbGV0ZSI6MjQwMDAwMDAwMDAwLCJ1cGRhdGUiOjI0MDAwMDAwMDAwMH19"
        },
        {
          "index_key": 1,
          "schema_version": 0,
          "attributes": {
            "creation_timestamp": "2019-07-01T14:07:45.320-07:00",
            "description": "",
            "disk_encryption_key": [],
            "disk_encryption_key_raw": null,
            "disk_encryption_key_sha256": null,
            "id": "terraform-project-app-1-gfs-2",
            "image": "",
            "label_fingerprint": "42WmSpB8rSM=",
            "labels": null,
            "last_attach_timestamp": "",
            "last_detach_timestamp": "",
            "name": "terraform-project-app-1-gfs-2",
            "physical_block_size_bytes": 4096,
            "project": "terraform-project-244918",
            "self_link": "https://www.googleapis.com/compute/v1/projects/terraform-project-244918/zones/southamerica-east1-b/disks/terraform-project-app-1-gfs-2",
            "size": 30,
            "snapshot": "",
            "source_image_encryption_key": [],
            "source_image_id": "",
            "source_snapshot_encryption_key": [],
            "source_snapshot_id": "",
            "timeouts": null,
            "type": "pd-standard",
            "users": [],
            "zone": "southamerica-east1-b"
          },
          "private": "eyJlMmJmYjczMC1lY2FhLTExZTYtOGY4OC0zNDM2M2JjN2M0YzAiOnsiY3JlYXRlIjozMDAwMDAwMDAwMDAsImRlbGV0ZSI6MjQwMDAwMDAwMDAwLCJ1cGRhdGUiOjI0MDAwMDAwMDAwMH19"
        },
        {
          "index_key": 2,
          "schema_version": 0,
          "attributes": {
            "creation_timestamp": "2019-07-01T14:07:41.364-07:00",
            "description": "",
            "disk_encryption_key": [],
            "disk_encryption_key_raw": null,
            "disk_encryption_key_sha256": null,
            "id": "terraform-project-app-2-gfs-2",
            "image": "",
            "label_fingerprint": "42WmSpB8rSM=",
            "labels": null,
            "last_attach_timestamp": "",
            "last_detach_timestamp": "",
            "name": "terraform-project-app-2-gfs-2",
            "physical_block_size_bytes": 4096,
            "project": "terraform-project-244918",
            "self_link": "https://www.googleapis.com/compute/v1/projects/terraform-project-244918/zones/southamerica-east1-b/disks/terraform-project-app-2-gfs-2",
            "size": 30,
            "snapshot": "",
            "source_image_encryption_key": [],
            "source_image_id": "",
            "source_snapshot_encryption_key": [],
            "source_snapshot_id": "",
            "timeouts": null,
            "type": "pd-standard",
            "users": [],
            "zone": "southamerica-east1-b"
          },
          "private": "eyJlMmJmYjczMC1lY2FhLTExZTYtOGY4OC0zNDM2M2JjN2M0YzAiOnsiY3JlYXRlIjozMDAwMDAwMDAwMDAsImRlbGV0ZSI6MjQwMDAwMDAwMDAwLCJ1cGRhdGUiOjI0MDAwMDAwMDAwMH19"
        }
      ]
    },
    {
      "module": "module.app_node",
      "mode": "managed",
      "type": "google_compute_disk",
      "name": "app-gfs-disk-3",
      "each": "list",
      "provider": "provider.google",
      "instances": [
        {
          "index_key": 0,
          "schema_version": 0,
          "attributes": {
            "creation_timestamp": "2019-07-01T14:07:45.791-07:00",
            "description": "",
            "disk_encryption_key": [],
            "disk_encryption_key_raw": null,
            "disk_encryption_key_sha256": null,
            "id": "terraform-project-app-0-gfs-3",
            "image": "",
            "label_fingerprint": "42WmSpB8rSM=",
            "labels": null,
            "last_attach_timestamp": "",
            "last_detach_timestamp": "",
            "name": "terraform-project-app-0-gfs-3",
            "physical_block_size_bytes": 4096,
            "project": "terraform-project-244918",
            "self_link": "https://www.googleapis.com/compute/v1/projects/terraform-project-244918/zones/southamerica-east1-b/disks/terraform-project-app-0-gfs-3",
            "size": 30,
            "snapshot": "",
            "source_image_encryption_key": [],
            "source_image_id": "",
            "source_snapshot_encryption_key": [],
            "source_snapshot_id": "",
            "timeouts": null,
            "type": "pd-standard",
            "users": [],
            "zone": "southamerica-east1-b"
          },
          "private": "eyJlMmJmYjczMC1lY2FhLTExZTYtOGY4OC0zNDM2M2JjN2M0YzAiOnsiY3JlYXRlIjozMDAwMDAwMDAwMDAsImRlbGV0ZSI6MjQwMDAwMDAwMDAwLCJ1cGRhdGUiOjI0MDAwMDAwMDAwMH19"
        },
        {
          "index_key": 1,
          "schema_version": 0,
          "attributes": {
            "creation_timestamp": "2019-07-01T14:07:36.091-07:00",
            "description": "",
            "disk_encryption_key": [],
            "disk_encryption_key_raw": null,
            "disk_encryption_key_sha256": null,
            "id": "terraform-project-app-1-gfs-3",
            "image": "",
            "label_fingerprint": "42WmSpB8rSM=",
            "labels": null,
            "last_attach_timestamp": "",
            "last_detach_timestamp": "",
            "name": "terraform-project-app-1-gfs-3",
            "physical_block_size_bytes": 4096,
            "project": "terraform-project-244918",
            "self_link": "https://www.googleapis.com/compute/v1/projects/terraform-project-244918/zones/southamerica-east1-b/disks/terraform-project-app-1-gfs-3",
            "size": 30,
            "snapshot": "",
            "source_image_encryption_key": [],
            "source_image_id": "",
            "source_snapshot_encryption_key": [],
            "source_snapshot_id": "",
            "timeouts": null,
            "type": "pd-standard",
            "users": [],
            "zone": "southamerica-east1-b"
          },
          "private": "eyJlMmJmYjczMC1lY2FhLTExZTYtOGY4OC0zNDM2M2JjN2M0YzAiOnsiY3JlYXRlIjozMDAwMDAwMDAwMDAsImRlbGV0ZSI6MjQwMDAwMDAwMDAwLCJ1cGRhdGUiOjI0MDAwMDAwMDAwMH19"
        },
        {
          "index_key": 2,
          "schema_version": 0,
          "attributes": {
            "creation_timestamp": "2019-07-01T14:07:45.677-07:00",
            "description": "",
            "disk_encryption_key": [],
            "disk_encryption_key_raw": null,
            "disk_encryption_key_sha256": null,
            "id": "terraform-project-app-2-gfs-3",
            "image": "",
            "label_fingerprint": "42WmSpB8rSM=",
            "labels": null,
            "last_attach_timestamp": "",
            "last_detach_timestamp": "",
            "name": "terraform-project-app-2-gfs-3",
            "physical_block_size_bytes": 4096,
            "project": "terraform-project-244918",
            "self_link": "https://www.googleapis.com/compute/v1/projects/terraform-project-244918/zones/southamerica-east1-b/disks/terraform-project-app-2-gfs-3",
            "size": 30,
            "snapshot": "",
            "source_image_encryption_key": [],
            "source_image_id": "",
            "source_snapshot_encryption_key": [],
            "source_snapshot_id": "",
            "timeouts": null,
            "type": "pd-standard",
            "users": [],
            "zone": "southamerica-east1-b"
          },
          "private": "eyJlMmJmYjczMC1lY2FhLTExZTYtOGY4OC0zNDM2M2JjN2M0YzAiOnsiY3JlYXRlIjozMDAwMDAwMDAwMDAsImRlbGV0ZSI6MjQwMDAwMDAwMDAwLCJ1cGRhdGUiOjI0MDAwMDAwMDAwMH19"
        }
      ]
    },
    {
      "module": "module.infra_node",
      "mode": "managed",
      "type": "google_compute_disk",
      "name": "infra-docker-disk",
      "provider": "provider.google",
      "instances": [
        {
          "schema_version": 0,
          "attributes": {
            "creation_timestamp": "2019-07-01T14:07:45.774-07:00",
            "description": "",
            "disk_encryption_key": [],
            "disk_encryption_key_raw": null,
            "disk_encryption_key_sha256": null,
            "id": "terraform-project-infra-0-docker",
            "image": "",
            "label_fingerprint": "42WmSpB8rSM=",
            "labels": null,
            "last_attach_timestamp": "",
            "last_detach_timestamp": "",
            "name": "terraform-project-infra-0-docker",
            "physical_block_size_bytes": 4096,
            "project": "terraform-project-244918",
            "self_link": "https://www.googleapis.com/compute/v1/projects/terraform-project-244918/zones/southamerica-east1-b/disks/terraform-project-infra-0-docker",
            "size": 30,
            "snapshot": "",
            "source_image_encryption_key": [],
            "source_image_id": "",
            "source_snapshot_encryption_key": [],
            "source_snapshot_id": "",
            "timeouts": null,
            "type": "pd-standard",
            "users": [],
            "zone": "southamerica-east1-b"
          },
          "private": "eyJlMmJmYjczMC1lY2FhLTExZTYtOGY4OC0zNDM2M2JjN2M0YzAiOnsiY3JlYXRlIjozMDAwMDAwMDAwMDAsImRlbGV0ZSI6MjQwMDAwMDAwMDAwLCJ1cGRhdGUiOjI0MDAwMDAwMDAwMH19"
        }
      ]
    },
    {
      "module": "module.master_node",
      "mode": "managed",
      "type": "google_compute_disk",
      "name": "master-docker-disk",
      "provider": "provider.google",
      "instances": [
        {
          "schema_version": 0,
          "attributes": {
            "creation_timestamp": "2019-07-01T14:07:36.102-07:00",
            "description": "",
            "disk_encryption_key": [],
            "disk_encryption_key_raw": null,
            "disk_encryption_key_sha256": null,
            "id": "terraform-project-master-0-docker",
            "image": "",
            "label_fingerprint": "42WmSpB8rSM=",
            "labels": null,
            "last_attach_timestamp": "",
            "last_detach_timestamp": "",
            "name": "terraform-project-master-0-docker",
            "physical_block_size_bytes": 4096,
            "project": "terraform-project-244918",
            "self_link": "https://www.googleapis.com/compute/v1/projects/terraform-project-244918/zones/southamerica-east1-b/disks/terraform-project-master-0-docker",
            "size": 30,
            "snapshot": "",
            "source_image_encryption_key": [],
            "source_image_id": "",
            "source_snapshot_encryption_key": [],
            "source_snapshot_id": "",
            "timeouts": null,
            "type": "pd-standard",
            "users": [],
            "zone": "southamerica-east1-b"
          },
          "private": "eyJlMmJmYjczMC1lY2FhLTExZTYtOGY4OC0zNDM2M2JjN2M0YzAiOnsiY3JlYXRlIjozMDAwMDAwMDAwMDAsImRlbGV0ZSI6MjQwMDAwMDAwMDAwLCJ1cGRhdGUiOjI0MDAwMDAwMDAwMH19"
        }
      ]
    },
    {
      "module": "module.network",
      "mode": "managed",
      "type": "google_compute_firewall",
      "name": "any-to-master",
      "provider": "provider.google",
      "instances": [
        {
          "schema_version": 1,
          "attributes": {
            "allow": [
              {
                "ports": [
                  "443",
                  "80"
                ],
                "protocol": "tcp"
              }
            ],
            "creation_timestamp": "2019-07-01T14:08:39.334-07:00",
            "deny": [],
            "description": "",
            "destination_ranges": [],
            "direction": "INGRESS",
            "disabled": false,
            "id": "terraform-project-any-to-master",
            "name": "terraform-project-any-to-master",
            "network": "https://www.googleapis.com/compute/v1/projects/terraform-project-244918/global/networks/terraform-project-net",
            "priority": 1000,
            "project": "terraform-project-244918",
            "self_link": "https://www.googleapis.com/compute/v1/projects/terraform-project-244918/global/firewalls/terraform-project-any-to-master",
            "source_ranges": [
              "0.0.0.0/0",
              "10.240.0.0/24"
            ],
            "source_service_accounts": null,
            "source_tags": null,
            "target_service_accounts": null,
            "target_tags": [
              "terraform-project-master"
            ],
            "timeouts": null
          },
          "private": "eyJlMmJmYjczMC1lY2FhLTExZTYtOGY4OC0zNDM2M2JjN2M0YzAiOnsiY3JlYXRlIjoyNDAwMDAwMDAwMDAsImRlbGV0ZSI6MjQwMDAwMDAwMDAwLCJ1cGRhdGUiOjI0MDAwMDAwMDAwMH0sInNjaGVtYV92ZXJzaW9uIjoiMSJ9",
          "depends_on": [
            "google_compute_network.osecluster-network",
            "google_compute_subnetwork.osecluster-subnetwork"
          ]
        }
      ]
    },
    {
      "module": "module.network",
      "mode": "managed",
      "type": "google_compute_firewall",
      "name": "any-to-routers",
      "provider": "provider.google",
      "instances": [
        {
          "schema_version": 1,
          "attributes": {
            "allow": [
              {
                "ports": [
                  "80",
                  "443"
                ],
                "protocol": "tcp"
              }
            ],
            "creation_timestamp": "2019-07-01T14:08:39.734-07:00",
            "deny": [],
            "description": "",
            "destination_ranges": [],
            "direction": "INGRESS",
            "disabled": false,
            "id": "terraform-project-any-to-routers",
            "name": "terraform-project-any-to-routers",
            "network": "https://www.googleapis.com/compute/v1/projects/terraform-project-244918/global/networks/terraform-project-net",
            "priority": 1000,
            "project": "terraform-project-244918",
            "self_link": "https://www.googleapis.com/compute/v1/projects/terraform-project-244918/global/firewalls/terraform-project-any-to-routers",
            "source_ranges": [
              "0.0.0.0/0"
            ],
            "source_service_accounts": null,
            "source_tags": null,
            "target_service_accounts": null,
            "target_tags": [
              "terraform-project-infra"
            ],
            "timeouts": null
          },
          "private": "eyJlMmJmYjczMC1lY2FhLTExZTYtOGY4OC0zNDM2M2JjN2M0YzAiOnsiY3JlYXRlIjoyNDAwMDAwMDAwMDAsImRlbGV0ZSI6MjQwMDAwMDAwMDAwLCJ1cGRhdGUiOjI0MDAwMDAwMDAwMH0sInNjaGVtYV92ZXJzaW9uIjoiMSJ9",
          "depends_on": [
            "google_compute_network.osecluster-network",
            "google_compute_subnetwork.osecluster-subnetwork"
          ]
        }
      ]
    },
    {
      "module": "module.network",
      "mode": "managed",
      "type": "google_compute_firewall",
      "name": "bastion-to-any",
      "provider": "provider.google",
      "instances": [
        {
          "schema_version": 1,
          "attributes": {
            "allow": [
              {
                "ports": [],
                "protocol": "all"
              }
            ],
            "creation_timestamp": "2019-07-01T14:08:39.897-07:00",
            "deny": [],
            "description": "",
            "destination_ranges": [],
            "direction": "INGRESS",
            "disabled": false,
            "id": "terraform-project-bastion-to-any",
            "name": "terraform-project-bastion-to-any",
            "network": "https://www.googleapis.com/compute/v1/projects/terraform-project-244918/global/networks/terraform-project-net",
            "priority": 1000,
            "project": "terraform-project-244918",
            "self_link": "https://www.googleapis.com/compute/v1/projects/terraform-project-244918/global/firewalls/terraform-project-bastion-to-any",
            "source_ranges": [],
            "source_service_accounts": null,
            "source_tags": [
              "terraform-project-bastion"
            ],
            "target_service_accounts": null,
            "target_tags": [
              "terraform-project-node"
            ],
            "timeouts": null
          },
          "private": "eyJlMmJmYjczMC1lY2FhLTExZTYtOGY4OC0zNDM2M2JjN2M0YzAiOnsiY3JlYXRlIjoyNDAwMDAwMDAwMDAsImRlbGV0ZSI6MjQwMDAwMDAwMDAwLCJ1cGRhdGUiOjI0MDAwMDAwMDAwMH0sInNjaGVtYV92ZXJzaW9uIjoiMSJ9",
          "depends_on": [
            "google_compute_network.osecluster-network",
            "google_compute_subnetwork.osecluster-subnetwork"
          ]
        }
      ]
    },
    {
      "module": "module.network",
      "mode": "managed",
      "type": "google_compute_firewall",
      "name": "external-to-bastion",
      "provider": "provider.google",
      "instances": [
        {
          "schema_version": 1,
          "attributes": {
            "allow": [
              {
                "ports": [
                  "22"
                ],
                "protocol": "tcp"
              },
              {
                "ports": [],
                "protocol": "icmp"
              }
            ],
            "creation_timestamp": "2019-07-01T14:09:13.082-07:00",
            "deny": [],
            "description": "",
            "destination_ranges": [],
            "direction": "INGRESS",
            "disabled": false,
            "id": "terraform-project-external-to-bastion",
            "name": "terraform-project-external-to-bastion",
            "network": "https://www.googleapis.com/compute/v1/projects/terraform-project-244918/global/networks/terraform-project-net",
            "priority": 1000,
            "project": "terraform-project-244918",
            "self_link": "https://www.googleapis.com/compute/v1/projects/terraform-project-244918/global/firewalls/terraform-project-external-to-bastion",
            "source_ranges": [
              "0.0.0.0/0"
            ],
            "source_service_accounts": null,
            "source_tags": null,
            "target_service_accounts": null,
            "target_tags": [
              "terraform-project-bastion"
            ],
            "timeouts": null
          },
          "private": "eyJlMmJmYjczMC1lY2FhLTExZTYtOGY4OC0zNDM2M2JjN2M0YzAiOnsiY3JlYXRlIjoyNDAwMDAwMDAwMDAsImRlbGV0ZSI6MjQwMDAwMDAwMDAwLCJ1cGRhdGUiOjI0MDAwMDAwMDAwMH0sInNjaGVtYV92ZXJzaW9uIjoiMSJ9",
          "depends_on": [
            "google_compute_network.osecluster-network",
            "google_compute_subnetwork.osecluster-subnetwork"
          ]
        }
      ]
    },
    {
      "module": "module.network",
      "mode": "managed",
      "type": "google_compute_firewall",
      "name": "gfs-to-gfs",
      "provider": "provider.google",
      "instances": [
        {
          "schema_version": 1,
          "attributes": {
            "allow": [
              {
                "ports": [
                  "2222"
                ],
                "protocol": "tcp"
              }
            ],
            "creation_timestamp": "2019-07-01T14:08:39.327-07:00",
            "deny": [],
            "description": "",
            "destination_ranges": [],
            "direction": "INGRESS",
            "disabled": false,
            "id": "terraform-project-gfs-to-gfs",
            "name": "terraform-project-gfs-to-gfs",
            "network": "https://www.googleapis.com/compute/v1/projects/terraform-project-244918/global/networks/terraform-project-net",
            "priority": 1000,
            "project": "terraform-project-244918",
            "self_link": "https://www.googleapis.com/compute/v1/projects/terraform-project-244918/global/firewalls/terraform-project-gfs-to-gfs",
            "source_ranges": [],
            "source_service_accounts": null,
            "source_tags": [
              "terraform-project-gfs"
            ],
            "target_service_accounts": null,
            "target_tags": [
              "terraform-project-gfs"
            ],
            "timeouts": null
          },
          "private": "eyJlMmJmYjczMC1lY2FhLTExZTYtOGY4OC0zNDM2M2JjN2M0YzAiOnsiY3JlYXRlIjoyNDAwMDAwMDAwMDAsImRlbGV0ZSI6MjQwMDAwMDAwMDAwLCJ1cGRhdGUiOjI0MDAwMDAwMDAwMH0sInNjaGVtYV92ZXJzaW9uIjoiMSJ9",
          "depends_on": [
            "google_compute_network.osecluster-network",
            "google_compute_subnetwork.osecluster-subnetwork"
          ]
        }
      ]
    },
    {
      "module": "module.network",
      "mode": "managed",
      "type": "google_compute_firewall",
      "name": "infra-to-infra",
      "provider": "provider.google",
      "instances": [
        {
          "schema_version": 1,
          "attributes": {
            "allow": [
              {
                "ports": [
                  "9200",
                  "9300"
                ],
                "protocol": "tcp"
              }
            ],
            "creation_timestamp": "2019-07-01T14:09:13.087-07:00",
            "deny": [],
            "description": "",
            "destination_ranges": [],
            "direction": "INGRESS",
            "disabled": false,
            "id": "terraform-project-infra-to-infra",
            "name": "terraform-project-infra-to-infra",
            "network": "https://www.googleapis.com/compute/v1/projects/terraform-project-244918/global/networks/terraform-project-net",
            "priority": 1000,
            "project": "terraform-project-244918",
            "self_link": "https://www.googleapis.com/compute/v1/projects/terraform-project-244918/global/firewalls/terraform-project-infra-to-infra",
            "source_ranges": [],
            "source_service_accounts": null,
            "source_tags": [
              "terraform-project-infra"
            ],
            "target_service_accounts": null,
            "target_tags": [
              "terraform-project-infra"
            ],
            "timeouts": null
          },
          "private": "eyJlMmJmYjczMC1lY2FhLTExZTYtOGY4OC0zNDM2M2JjN2M0YzAiOnsiY3JlYXRlIjoyNDAwMDAwMDAwMDAsImRlbGV0ZSI6MjQwMDAwMDAwMDAwLCJ1cGRhdGUiOjI0MDAwMDAwMDAwMH0sInNjaGVtYV92ZXJzaW9uIjoiMSJ9",
          "depends_on": [
            "google_compute_network.osecluster-network",
            "google_compute_subnetwork.osecluster-subnetwork"
          ]
        }
      ]
    },
    {
      "module": "module.network",
      "mode": "managed",
      "type": "google_compute_firewall",
      "name": "infra-to-node",
      "provider": "provider.google",
      "instances": [
        {
          "schema_version": 1,
          "attributes": {
            "allow": [
              {
                "ports": [
                  "10250"
                ],
                "protocol": "tcp"
              }
            ],
            "creation_timestamp": "2019-07-01T14:09:18.617-07:00",
            "deny": [],
            "description": "",
            "destination_ranges": [],
            "direction": "INGRESS",
            "disabled": false,
            "id": "terraform-project-infra-to-node",
            "name": "terraform-project-infra-to-node",
            "network": "https://www.googleapis.com/compute/v1/projects/terraform-project-244918/global/networks/terraform-project-net",
            "priority": 1000,
            "project": "terraform-project-244918",
            "self_link": "https://www.googleapis.com/compute/v1/projects/terraform-project-244918/global/firewalls/terraform-project-infra-to-node",
            "source_ranges": [],
            "source_service_accounts": null,
            "source_tags": [
              "terraform-project-infra"
            ],
            "target_service_accounts": null,
            "target_tags": [
              "terraform-project-node"
            ],
            "timeouts": null
          },
          "private": "eyJlMmJmYjczMC1lY2FhLTExZTYtOGY4OC0zNDM2M2JjN2M0YzAiOnsiY3JlYXRlIjoyNDAwMDAwMDAwMDAsImRlbGV0ZSI6MjQwMDAwMDAwMDAwLCJ1cGRhdGUiOjI0MDAwMDAwMDAwMH0sInNjaGVtYV92ZXJzaW9uIjoiMSJ9",
          "depends_on": [
            "google_compute_network.osecluster-network",
            "google_compute_subnetwork.osecluster-subnetwork"
          ]
        }
      ]
    },
    {
      "module": "module.network",
      "mode": "managed",
      "type": "google_compute_firewall",
      "name": "master-to-master",
      "provider": "provider.google",
      "instances": [
        {
          "schema_version": 1,
          "attributes": {
            "allow": [
              {
                "ports": [
                  "2379",
                  "2380"
                ],
                "protocol": "tcp"
              }
            ],
            "creation_timestamp": "2019-07-01T14:08:39.392-07:00",
            "deny": [],
            "description": "",
            "destination_ranges": [],
            "direction": "INGRESS",
            "disabled": false,
            "id": "terraform-project-master-to-master",
            "name": "terraform-project-master-to-master",
            "network": "https://www.googleapis.com/compute/v1/projects/terraform-project-244918/global/networks/terraform-project-net",
            "priority": 1000,
            "project": "terraform-project-244918",
            "self_link": "https://www.googleapis.com/compute/v1/projects/terraform-project-244918/global/firewalls/terraform-project-master-to-master",
            "source_ranges": [],
            "source_service_accounts": null,
            "source_tags": [
              "terraform-project-master"
            ],
            "target_service_accounts": null,
            "target_tags": [
              "terraform-project-master"
            ],
            "timeouts": null
          },
          "private": "eyJlMmJmYjczMC1lY2FhLTExZTYtOGY4OC0zNDM2M2JjN2M0YzAiOnsiY3JlYXRlIjoyNDAwMDAwMDAwMDAsImRlbGV0ZSI6MjQwMDAwMDAwMDAwLCJ1cGRhdGUiOjI0MDAwMDAwMDAwMH0sInNjaGVtYV92ZXJzaW9uIjoiMSJ9",
          "depends_on": [
            "google_compute_network.osecluster-network",
            "google_compute_subnetwork.osecluster-subnetwork"
          ]
        }
      ]
    },
    {
      "module": "module.network",
      "mode": "managed",
      "type": "google_compute_firewall",
      "name": "master-to-node",
      "provider": "provider.google",
      "instances": [
        {
          "schema_version": 1,
          "attributes": {
            "allow": [
              {
                "ports": [
                  "10250"
                ],
                "protocol": "tcp"
              }
            ],
            "creation_timestamp": "2019-07-01T14:08:39.402-07:00",
            "deny": [],
            "description": "",
            "destination_ranges": [],
            "direction": "INGRESS",
            "disabled": false,
            "id": "terraform-project-master-to-node",
            "name": "terraform-project-master-to-node",
            "network": "https://www.googleapis.com/compute/v1/projects/terraform-project-244918/global/networks/terraform-project-net",
            "priority": 1000,
            "project": "terraform-project-244918",
            "self_link": "https://www.googleapis.com/compute/v1/projects/terraform-project-244918/global/firewalls/terraform-project-master-to-node",
            "source_ranges": [],
            "source_service_accounts": null,
            "source_tags": [
              "terraform-project-master"
            ],
            "target_service_accounts": null,
            "target_tags": [
              "terraform-project-node"
            ],
            "timeouts": null
          },
          "private": "eyJlMmJmYjczMC1lY2FhLTExZTYtOGY4OC0zNDM2M2JjN2M0YzAiOnsiY3JlYXRlIjoyNDAwMDAwMDAwMDAsImRlbGV0ZSI6MjQwMDAwMDAwMDAwLCJ1cGRhdGUiOjI0MDAwMDAwMDAwMH0sInNjaGVtYV92ZXJzaW9uIjoiMSJ9",
          "depends_on": [
            "google_compute_network.osecluster-network",
            "google_compute_subnetwork.osecluster-subnetwork"
          ]
        }
      ]
    },
    {
      "module": "module.network",
      "mode": "managed",
      "type": "google_compute_firewall",
      "name": "node-to-gfs",
      "provider": "provider.google",
      "instances": [
        {
          "schema_version": 1,
          "attributes": {
            "allow": [
              {
                "ports": [
                  "111",
                  "3260",
                  "24007-24010",
                  "49152-49664"
                ],
                "protocol": "tcp"
              },
              {
                "ports": [
                  "111"
                ],
                "protocol": "udp"
              }
            ],
            "creation_timestamp": "2019-07-01T14:08:39.628-07:00",
            "deny": [],
            "description": "",
            "destination_ranges": [],
            "direction": "INGRESS",
            "disabled": false,
            "id": "terraform-project-node-to-gfs",
            "name": "terraform-project-node-to-gfs",
            "network": "https://www.googleapis.com/compute/v1/projects/terraform-project-244918/global/networks/terraform-project-net",
            "priority": 1000,
            "project": "terraform-project-244918",
            "self_link": "https://www.googleapis.com/compute/v1/projects/terraform-project-244918/global/firewalls/terraform-project-node-to-gfs",
            "source_ranges": [],
            "source_service_accounts": null,
            "source_tags": [
              "terraform-project-node"
            ],
            "target_service_accounts": null,
            "target_tags": [
              "terraform-project-gfs"
            ],
            "timeouts": null
          },
          "private": "eyJlMmJmYjczMC1lY2FhLTExZTYtOGY4OC0zNDM2M2JjN2M0YzAiOnsiY3JlYXRlIjoyNDAwMDAwMDAwMDAsImRlbGV0ZSI6MjQwMDAwMDAwMDAwLCJ1cGRhdGUiOjI0MDAwMDAwMDAwMH0sInNjaGVtYV92ZXJzaW9uIjoiMSJ9",
          "depends_on": [
            "google_compute_network.osecluster-network",
            "google_compute_subnetwork.osecluster-subnetwork"
          ]
        }
      ]
    },
    {
      "module": "module.network",
      "mode": "managed",
      "type": "google_compute_firewall",
      "name": "node-to-master",
      "provider": "provider.google",
      "instances": [
        {
          "schema_version": 1,
          "attributes": {
            "allow": [
              {
                "ports": [
                  "8053"
                ],
                "protocol": "tcp"
              },
              {
                "ports": [
                  "8053"
                ],
                "protocol": "udp"
              }
            ],
            "creation_timestamp": "2019-07-01T14:08:39.281-07:00",
            "deny": [],
            "description": "",
            "destination_ranges": [],
            "direction": "INGRESS",
            "disabled": false,
            "id": "terraform-project-node-to-master",
            "name": "terraform-project-node-to-master",
            "network": "https://www.googleapis.com/compute/v1/projects/terraform-project-244918/global/networks/terraform-project-net",
            "priority": 1000,
            "project": "terraform-project-244918",
            "self_link": "https://www.googleapis.com/compute/v1/projects/terraform-project-244918/global/firewalls/terraform-project-node-to-master",
            "source_ranges": [],
            "source_service_accounts": null,
            "source_tags": [
              "terraform-project-node"
            ],
            "target_service_accounts": null,
            "target_tags": [
              "terraform-project-master"
            ],
            "timeouts": null
          },
          "private": "eyJlMmJmYjczMC1lY2FhLTExZTYtOGY4OC0zNDM2M2JjN2M0YzAiOnsiY3JlYXRlIjoyNDAwMDAwMDAwMDAsImRlbGV0ZSI6MjQwMDAwMDAwMDAwLCJ1cGRhdGUiOjI0MDAwMDAwMDAwMH0sInNjaGVtYV92ZXJzaW9uIjoiMSJ9",
          "depends_on": [
            "google_compute_network.osecluster-network",
            "google_compute_subnetwork.osecluster-subnetwork"
          ]
        }
      ]
    },
    {
      "module": "module.network",
      "mode": "managed",
      "type": "google_compute_firewall",
      "name": "node-to-node",
      "provider": "provider.google",
      "instances": [
        {
          "schema_version": 1,
          "attributes": {
            "allow": [
              {
                "ports": [
                  "4789"
                ],
                "protocol": "udp"
              }
            ],
            "creation_timestamp": "2019-07-01T14:08:39.206-07:00",
            "deny": [],
            "description": "",
            "destination_ranges": [],
            "direction": "INGRESS",
            "disabled": false,
            "id": "terraform-project-node-to-node",
            "name": "terraform-project-node-to-node",
            "network": "https://www.googleapis.com/compute/v1/projects/terraform-project-244918/global/networks/terraform-project-net",
            "priority": 1000,
            "project": "terraform-project-244918",
            "self_link": "https://www.googleapis.com/compute/v1/projects/terraform-project-244918/global/firewalls/terraform-project-node-to-node",
            "source_ranges": [],
            "source_service_accounts": null,
            "source_tags": [
              "terraform-project-node"
            ],
            "target_service_accounts": null,
            "target_tags": [
              "terraform-project-node"
            ],
            "timeouts": null
          },
          "private": "eyJlMmJmYjczMC1lY2FhLTExZTYtOGY4OC0zNDM2M2JjN2M0YzAiOnsiY3JlYXRlIjoyNDAwMDAwMDAwMDAsImRlbGV0ZSI6MjQwMDAwMDAwMDAwLCJ1cGRhdGUiOjI0MDAwMDAwMDAwMH0sInNjaGVtYV92ZXJzaW9uIjoiMSJ9",
          "depends_on": [
            "google_compute_network.osecluster-network",
            "google_compute_subnetwork.osecluster-subnetwork"
          ]
        }
      ]
    },
    {
      "module": "module.create_image",
      "mode": "managed",
      "type": "google_compute_image",
      "name": "create_temp_rhel_image",
      "provider": "provider.google",
      "instances": []
    },
    {
      "module": "module.app_node",
      "mode": "managed",
      "type": "google_compute_instance",
      "name": "app_node",
      "each": "list",
      "provider": "provider.google",
      "instances": []
    },
    {
      "module": "module.bastion_node",
      "mode": "managed",
      "type": "google_compute_instance",
      "name": "bastion_node",
      "provider": "provider.google",
      "instances": []
    },
    {
      "module": "module.infra_node",
      "mode": "managed",
      "type": "google_compute_instance",
      "name": "infra_node",
      "provider": "provider.google",
      "instances": []
    },
    {
      "module": "module.master_node",
      "mode": "managed",
      "type": "google_compute_instance",
      "name": "master_node",
      "provider": "provider.google",
      "instances": []
    },
    {
      "module": "module.network",
      "mode": "managed",
      "type": "google_compute_network",
      "name": "osecluster-network",
      "provider": "provider.google",
      "instances": [
        {
          "schema_version": 0,
          "attributes": {
            "auto_create_subnetworks": false,
            "delete_default_routes_on_create": false,
            "description": "",
            "gateway_ipv4": "",
            "id": "terraform-project-net",
            "ipv4_range": "",
            "name": "terraform-project-net",
            "project": "terraform-project-244918",
            "routing_mode": "REGIONAL",
            "self_link": "https://www.googleapis.com/compute/v1/projects/terraform-project-244918/global/networks/terraform-project-net",
            "timeouts": null
          },
          "private": "eyJlMmJmYjczMC1lY2FhLTExZTYtOGY4OC0zNDM2M2JjN2M0YzAiOnsiY3JlYXRlIjoyNDAwMDAwMDAwMDAsImRlbGV0ZSI6MjQwMDAwMDAwMDAwLCJ1cGRhdGUiOjI0MDAwMDAwMDAwMH19"
        }
      ]
    },
    {
      "mode": "managed",
      "type": "google_compute_project_metadata_item",
      "name": "ssh-key",
      "provider": "provider.google",
      "instances": [
        {
          "schema_version": 0,
          "attributes": {
            "id": "sshKey",
            "key": "sshKey",
            "project": "terraform-project-244918",
            "timeouts": null,
            "value": "jeniffer_jc29:cat ~/.ssh/tf-ssh-key.pub"
          },
          "private": "eyJlMmJmYjczMC1lY2FhLTExZTYtOGY4OC0zNDM2M2JjN2M0YzAiOnsiY3JlYXRlIjozMDAwMDAwMDAwMDAsImRlbGV0ZSI6MzAwMDAwMDAwMDAwLCJ1cGRhdGUiOjMwMDAwMDAwMDAwMH19"
        }
      ]
    },
    {
      "module": "module.network",
      "mode": "managed",
      "type": "google_compute_subnetwork",
      "name": "osecluster-subnetwork",
      "provider": "provider.google",
      "instances": [
        {
          "schema_version": 0,
          "attributes": {
            "creation_timestamp": "2019-07-01T14:08:10.999-07:00",
            "description": "",
            "enable_flow_logs": false,
            "fingerprint": "r2GY1eOt0zM=",
            "gateway_address": "10.240.0.1",
            "id": "southamerica-east1/terraform-project-subnet",
            "ip_cidr_range": "10.240.0.0/24",
            "name": "terraform-project-subnet",
            "network": "https://www.googleapis.com/compute/v1/projects/terraform-project-244918/global/networks/terraform-project-net",
            "private_ip_google_access": false,
            "project": "terraform-project-244918",
            "region": "southamerica-east1",
            "secondary_ip_range": [],
            "self_link": "https://www.googleapis.com/compute/v1/projects/terraform-project-244918/regions/southamerica-east1/subnetworks/terraform-project-subnet",
            "timeouts": null
          },
          "private": "eyJlMmJmYjczMC1lY2FhLTExZTYtOGY4OC0zNDM2M2JjN2M0YzAiOnsiY3JlYXRlIjozNjAwMDAwMDAwMDAsImRlbGV0ZSI6MzYwMDAwMDAwMDAwLCJ1cGRhdGUiOjM2MDAwMDAwMDAwMH19",
          "depends_on": [
            "google_compute_network.osecluster-network"
          ]
        }
      ]
    },
    {
      "module": "module.create_image",
      "mode": "managed",
      "type": "google_storage_bucket",
      "name": "temp-image-store",
      "provider": "provider.google",
      "instances": [
        {
          "schema_version": 0,
          "attributes": {
            "bucket_policy_only": false,
            "cors": [],
            "encryption": [],
            "force_destroy": false,
            "id": "terraform-project-rhel-image-temp",
            "labels": {
              "ocp-cluster": "terraform-project"
            },
            "lifecycle_rule": [],
            "location": "SOUTHAMERICA-EAST1",
            "logging": [],
            "name": "terraform-project-rhel-image-temp",
            "predefined_acl": null,
            "project": "terraform-project-244918",
            "requester_pays": false,
            "self_link": "https://www.googleapis.com/storage/v1/b/terraform-project-rhel-image-temp",
            "storage_class": "REGIONAL",
            "url": "gs://terraform-project-rhel-image-temp",
            "versioning": [],
            "website": []
          },
          "private": "bnVsbA=="
        }
      ]
    },
    {
      "module": "module.create_image",
      "mode": "managed",
      "type": "null_resource",
      "name": "create_raw_disk",
      "provider": "provider.null",
      "instances": [
        {
          "schema_version": 0,
          "attributes": {
            "id": "5526174501517772074",
            "triggers": null
          },
          "private": "bnVsbA=="
        }
      ]
    },
    {
      "module": "module.create_image",
      "mode": "managed",
      "type": "null_resource",
      "name": "delete_raw_disk",
      "provider": "provider.null",
      "instances": []
    }
  ]
}
